Microsoft Visual Studio Solution File, Format Version 12.00
# Visual Studio Version 16
VisualStudioVersion = 16.0.28714.193
MinimumVisualStudioVersion = 10.0.40219.1
Project("{2150E333-8FDC-42A3-9474-1A3956D46DE8}") = "01-src", "01-src", "{ECBD28DE-AFFB-4C9A-8988-6297FA5ADDD5}"
EndProject
Project("{2150E333-8FDC-42A3-9474-1A3956D46DE8}") = "02-test", "02-test", "{DE1DF0B9-0403-4888-8B24-8208348E9AFA}"
EndProject
Project("{2150E333-8FDC-42A3-9474-1A3956D46DE8}") = "01-Core", "01-Core", "{3746073A-1C5C-40A7-9D50-CB2A94CA888A}"
EndProject
Project("{9A19103F-16F7-4668-BE54-9A1E7A4F7556}") = "01-Ding.Tests", "test\Ding.Tests\01-Ding.Tests.csproj", "{4C93DBB6-7840-4277-BAF1-56148B62FB3D}"
EndProject
Project("{2150E333-8FDC-42A3-9474-1A3956D46DE8}") = "01-Core", "01-Core", "{6FA93B2E-A5E5-44CA-9851-52FAA2BF5C57}"
EndProject
Project("{9A19103F-16F7-4668-BE54-9A1E7A4F7556}") = "01-Ding", "src\Ding\01-Ding.csproj", "{5981ADBE-58A4-4F84-9529-E7D7F7E1610C}"
EndProject
Project("{9A19103F-16F7-4668-BE54-9A1E7A4F7556}") = "08-Ding.Datas", "src\Ding.Datas\08-Ding.Datas.csproj", "{CD83426E-2BA1-4DB0-94D9-1185C076276F}"
EndProject
Project("{9A19103F-16F7-4668-BE54-9A1E7A4F7556}") = "02-Ding.Datas.Tests.Integration", "test\Ding.Datas.Tests.Integration\02-Ding.Datas.Tests.Integration.csproj", "{411B666F-EDA0-47E0-BB34-3EAF047549A0}"
EndProject
Project("{9A19103F-16F7-4668-BE54-9A1E7A4F7556}") = "04-Ding.Logs", "src\Ding.Logs\04-Ding.Logs.csproj", "{0330EB27-814D-4CF6-B377-3BFA884D5FD2}"
EndProject
Project("{2150E333-8FDC-42A3-9474-1A3956D46DE8}") = "03-sample", "03-sample", "{F1B4AAEF-9162-4DFA-8B62-4069FC914839}"
EndProject
Project("{2150E333-8FDC-42A3-9474-1A3956D46DE8}") = "02-Biz", "02-Biz", "{62644B42-76EF-4FC2-8736-3E9B96C1D832}"
EndProject
Project("{9A19103F-16F7-4668-BE54-9A1E7A4F7556}") = "01-Ding.Biz", "src\Ding.Biz\01-Ding.Biz.csproj", "{BAB54FFD-DF77-40B6-86A5-A1A3E0985468}"
EndProject
Project("{9A19103F-16F7-4668-BE54-9A1E7A4F7556}") = "03-Ding.Security", "src\Ding.Security\03-Ding.Security.csproj", "{83E78951-5FBE-43D5-A6BE-7735721E4C1D}"
EndProject
Project("{9A19103F-16F7-4668-BE54-9A1E7A4F7556}") = "09-Ding.Applications", "src\Ding.Applications\09-Ding.Applications.csproj", "{7A5E9C1B-CE91-463D-B0D1-8117C9E29D30}"
EndProject
Project("{9A19103F-16F7-4668-BE54-9A1E7A4F7556}") = "06-Ding.Events", "src\Ding.Events\06-Ding.Events.csproj", "{A93DFEEC-0DC7-4628-96F7-914A8053732B}"
EndProject
Project("{2150E333-8FDC-42A3-9474-1A3956D46DE8}") = "03-Tools", "03-Tools", "{1907A873-8368-4CFF-B5B3-98F04CD2E3A7}"
EndProject
Project("{9A19103F-16F7-4668-BE54-9A1E7A4F7556}") = "10-Ding.Webs", "src\Ding.Webs\10-Ding.Webs.csproj", "{0A32F32B-49DF-49AB-8F3C-AFDD28517A89}"
EndProject
Project("{9A19103F-16F7-4668-BE54-9A1E7A4F7556}") = "01-Ding.Tools.QrCode", "src\Ding.Tools.QrCode\01-Ding.Tools.QrCode.csproj", "{ED44ED49-3F9E-4D14-A600-51D7792A3F64}"
EndProject
Project("{9A19103F-16F7-4668-BE54-9A1E7A4F7556}") = "02-Ding.Tools.Sms", "src\Ding.Tools.Sms\02-Ding.Tools.Sms.csproj", "{883EF7C5-4234-4A1B-82BC-36597D280B57}"
EndProject
Project("{9A19103F-16F7-4668-BE54-9A1E7A4F7556}") = "02-Ding.Biz.Payments", "src\Ding.Biz.Payments\02-Ding.Biz.Payments.csproj", "{69B79A60-3719-43E5-BE12-78E401C7BC0C}"
EndProject
Project("{2150E333-8FDC-42A3-9474-1A3956D46DE8}") = "02-Biz", "02-Biz", "{D1083FEB-81A7-4BBF-ADDB-C03D143BC4AB}"
EndProject
Project("{9A19103F-16F7-4668-BE54-9A1E7A4F7556}") = "Ding.Biz.Tests.Integration", "test\Ding.Biz.Tests.Integration\Ding.Biz.Tests.Integration.csproj", "{F680DA14-282E-471E-8E1C-F4D2067B718E}"
EndProject
Project("{9A19103F-16F7-4668-BE54-9A1E7A4F7556}") = "07-Ding.Schedulers", "src\Ding.Schedulers\07-Ding.Schedulers.csproj", "{E220692E-909A-4855-A67F-64C3A9590BA6}"
EndProject
Project("{9A19103F-16F7-4668-BE54-9A1E7A4F7556}") = "Ding.Samples.Schedulers", "sample\Ding.Samples.Schedulers\Ding.Samples.Schedulers.csproj", "{18A2D4FE-27BB-4A69-8C07-29169B9006B3}"
EndProject
Project("{9A19103F-16F7-4668-BE54-9A1E7A4F7556}") = "05-Ding.Caches", "src\Ding.Caches\05-Ding.Caches.csproj", "{26F6273A-567A-4AA4-8304-AEC57FC40DC9}"
EndProject
Project("{9A19103F-16F7-4668-BE54-9A1E7A4F7556}") = "Ding.Samples.Api", "sample\Ding.Samples.Api\Ding.Samples.Api.csproj", "{2DA558AE-D250-4277-BF10-D7BE85977843}"
EndProject
Project("{9A19103F-16F7-4668-BE54-9A1E7A4F7556}") = "02-Ding.Core", "src\Ding.Core\02-Ding.Core.csproj", "{5C990908-1594-40ED-8569-D6AA055B0887}"
EndProject
Global
	GlobalSection(SolutionConfigurationPlatforms) = preSolution
		Debug|Any CPU = Debug|Any CPU
		Release|Any CPU = Release|Any CPU
	EndGlobalSection
	GlobalSection(ProjectConfigurationPlatforms) = postSolution
		{4C93DBB6-7840-4277-BAF1-56148B62FB3D}.Debug|Any CPU.ActiveCfg = Debug|Any CPU
		{4C93DBB6-7840-4277-BAF1-56148B62FB3D}.Debug|Any CPU.Build.0 = Debug|Any CPU
		{4C93DBB6-7840-4277-BAF1-56148B62FB3D}.Release|Any CPU.ActiveCfg = Release|Any CPU
		{4C93DBB6-7840-4277-BAF1-56148B62FB3D}.Release|Any CPU.Build.0 = Release|Any CPU
		{5981ADBE-58A4-4F84-9529-E7D7F7E1610C}.Debug|Any CPU.ActiveCfg = Debug|Any CPU
		{5981ADBE-58A4-4F84-9529-E7D7F7E1610C}.Debug|Any CPU.Build.0 = Debug|Any CPU
		{5981ADBE-58A4-4F84-9529-E7D7F7E1610C}.Release|Any CPU.ActiveCfg = Release|Any CPU
		{5981ADBE-58A4-4F84-9529-E7D7F7E1610C}.Release|Any CPU.Build.0 = Release|Any CPU
		{CD83426E-2BA1-4DB0-94D9-1185C076276F}.Debug|Any CPU.ActiveCfg = Debug|Any CPU
		{CD83426E-2BA1-4DB0-94D9-1185C076276F}.Debug|Any CPU.Build.0 = Debug|Any CPU
		{CD83426E-2BA1-4DB0-94D9-1185C076276F}.Release|Any CPU.ActiveCfg = Release|Any CPU
		{CD83426E-2BA1-4DB0-94D9-1185C076276F}.Release|Any CPU.Build.0 = Release|Any CPU
		{411B666F-EDA0-47E0-BB34-3EAF047549A0}.Debug|Any CPU.ActiveCfg = Debug|Any CPU
		{411B666F-EDA0-47E0-BB34-3EAF047549A0}.Debug|Any CPU.Build.0 = Debug|Any CPU
		{411B666F-EDA0-47E0-BB34-3EAF047549A0}.Release|Any CPU.ActiveCfg = Release|Any CPU
		{411B666F-EDA0-47E0-BB34-3EAF047549A0}.Release|Any CPU.Build.0 = Release|Any CPU
		{0330EB27-814D-4CF6-B377-3BFA884D5FD2}.Debug|Any CPU.ActiveCfg = Debug|Any CPU
		{0330EB27-814D-4CF6-B377-3BFA884D5FD2}.Debug|Any CPU.Build.0 = Debug|Any CPU
		{0330EB27-814D-4CF6-B377-3BFA884D5FD2}.Release|Any CPU.ActiveCfg = Release|Any CPU
		{0330EB27-814D-4CF6-B377-3BFA884D5FD2}.Release|Any CPU.Build.0 = Release|Any CPU
		{BAB54FFD-DF77-40B6-86A5-A1A3E0985468}.Debug|Any CPU.ActiveCfg = Debug|Any CPU
		{BAB54FFD-DF77-40B6-86A5-A1A3E0985468}.Debug|Any CPU.Build.0 = Debug|Any CPU
		{BAB54FFD-DF77-40B6-86A5-A1A3E0985468}.Release|Any CPU.ActiveCfg = Release|Any CPU
		{BAB54FFD-DF77-40B6-86A5-A1A3E0985468}.Release|Any CPU.Build.0 = Release|Any CPU
		{83E78951-5FBE-43D5-A6BE-7735721E4C1D}.Debug|Any CPU.ActiveCfg = Debug|Any CPU
		{83E78951-5FBE-43D5-A6BE-7735721E4C1D}.Debug|Any CPU.Build.0 = Debug|Any CPU
		{83E78951-5FBE-43D5-A6BE-7735721E4C1D}.Release|Any CPU.ActiveCfg = Release|Any CPU
		{83E78951-5FBE-43D5-A6BE-7735721E4C1D}.Release|Any CPU.Build.0 = Release|Any CPU
		{7A5E9C1B-CE91-463D-B0D1-8117C9E29D30}.Debug|Any CPU.ActiveCfg = Debug|Any CPU
		{7A5E9C1B-CE91-463D-B0D1-8117C9E29D30}.Debug|Any CPU.Build.0 = Debug|Any CPU
		{7A5E9C1B-CE91-463D-B0D1-8117C9E29D30}.Release|Any CPU.ActiveCfg = Release|Any CPU
		{7A5E9C1B-CE91-463D-B0D1-8117C9E29D30}.Release|Any CPU.Build.0 = Release|Any CPU
		{A93DFEEC-0DC7-4628-96F7-914A8053732B}.Debug|Any CPU.ActiveCfg = Debug|Any CPU
		{A93DFEEC-0DC7-4628-96F7-914A8053732B}.Debug|Any CPU.Build.0 = Debug|Any CPU
		{A93DFEEC-0DC7-4628-96F7-914A8053732B}.Release|Any CPU.ActiveCfg = Release|Any CPU
		{A93DFEEC-0DC7-4628-96F7-914A8053732B}.Release|Any CPU.Build.0 = Release|Any CPU
		{0A32F32B-49DF-49AB-8F3C-AFDD28517A89}.Debug|Any CPU.ActiveCfg = Debug|Any CPU
		{0A32F32B-49DF-49AB-8F3C-AFDD28517A89}.Debug|Any CPU.Build.0 = Debug|Any CPU
		{0A32F32B-49DF-49AB-8F3C-AFDD28517A89}.Release|Any CPU.ActiveCfg = Release|Any CPU
		{0A32F32B-49DF-49AB-8F3C-AFDD28517A89}.Release|Any CPU.Build.0 = Release|Any CPU
		{ED44ED49-3F9E-4D14-A600-51D7792A3F64}.Debug|Any CPU.ActiveCfg = Debug|Any CPU
		{ED44ED49-3F9E-4D14-A600-51D7792A3F64}.Debug|Any CPU.Build.0 = Debug|Any CPU
		{ED44ED49-3F9E-4D14-A600-51D7792A3F64}.Release|Any CPU.ActiveCfg = Release|Any CPU
		{ED44ED49-3F9E-4D14-A600-51D7792A3F64}.Release|Any CPU.Build.0 = Release|Any CPU
		{883EF7C5-4234-4A1B-82BC-36597D280B57}.Debug|Any CPU.ActiveCfg = Debug|Any CPU
		{883EF7C5-4234-4A1B-82BC-36597D280B57}.Debug|Any CPU.Build.0 = Debug|Any CPU
		{883EF7C5-4234-4A1B-82BC-36597D280B57}.Release|Any CPU.ActiveCfg = Release|Any CPU
		{883EF7C5-4234-4A1B-82BC-36597D280B57}.Release|Any CPU.Build.0 = Release|Any CPU
		{69B79A60-3719-43E5-BE12-78E401C7BC0C}.Debug|Any CPU.ActiveCfg = Debug|Any CPU
		{69B79A60-3719-43E5-BE12-78E401C7BC0C}.Debug|Any CPU.Build.0 = Debug|Any CPU
		{69B79A60-3719-43E5-BE12-78E401C7BC0C}.Release|Any CPU.ActiveCfg = Release|Any CPU
		{69B79A60-3719-43E5-BE12-78E401C7BC0C}.Release|Any CPU.Build.0 = Release|Any CPU
		{F680DA14-282E-471E-8E1C-F4D2067B718E}.Debug|Any CPU.ActiveCfg = Debug|Any CPU
		{F680DA14-282E-471E-8E1C-F4D2067B718E}.Debug|Any CPU.Build.0 = Debug|Any CPU
		{F680DA14-282E-471E-8E1C-F4D2067B718E}.Release|Any CPU.ActiveCfg = Release|Any CPU
		{F680DA14-282E-471E-8E1C-F4D2067B718E}.Release|Any CPU.Build.0 = Release|Any CPU
		{E220692E-909A-4855-A67F-64C3A9590BA6}.Debug|Any CPU.ActiveCfg = Debug|Any CPU
		{E220692E-909A-4855-A67F-64C3A9590BA6}.Debug|Any CPU.Build.0 = Debug|Any CPU
		{E220692E-909A-4855-A67F-64C3A9590BA6}.Release|Any CPU.ActiveCfg = Release|Any CPU
		{E220692E-909A-4855-A67F-64C3A9590BA6}.Release|Any CPU.Build.0 = Release|Any CPU
		{18A2D4FE-27BB-4A69-8C07-29169B9006B3}.Debug|Any CPU.ActiveCfg = Debug|Any CPU
		{18A2D4FE-27BB-4A69-8C07-29169B9006B3}.Debug|Any CPU.Build.0 = Debug|Any CPU
		{18A2D4FE-27BB-4A69-8C07-29169B9006B3}.Release|Any CPU.ActiveCfg = Release|Any CPU
		{18A2D4FE-27BB-4A69-8C07-29169B9006B3}.Release|Any CPU.Build.0 = Release|Any CPU
		{26F6273A-567A-4AA4-8304-AEC57FC40DC9}.Debug|Any CPU.ActiveCfg = Debug|Any CPU
		{26F6273A-567A-4AA4-8304-AEC57FC40DC9}.Debug|Any CPU.Build.0 = Debug|Any CPU
		{26F6273A-567A-4AA4-8304-AEC57FC40DC9}.Release|Any CPU.ActiveCfg = Release|Any CPU
		{26F6273A-567A-4AA4-8304-AEC57FC40DC9}.Release|Any CPU.Build.0 = Release|Any CPU
		{2DA558AE-D250-4277-BF10-D7BE85977843}.Debug|Any CPU.ActiveCfg = Debug|Any CPU
		{2DA558AE-D250-4277-BF10-D7BE85977843}.Debug|Any CPU.Build.0 = Debug|Any CPU
		{2DA558AE-D250-4277-BF10-D7BE85977843}.Release|Any CPU.ActiveCfg = Release|Any CPU
		{2DA558AE-D250-4277-BF10-D7BE85977843}.Release|Any CPU.Build.0 = Release|Any CPU
		{5C990908-1594-40ED-8569-D6AA055B0887}.Debug|Any CPU.ActiveCfg = Debug|Any CPU
		{5C990908-1594-40ED-8569-D6AA055B0887}.Debug|Any CPU.Build.0 = Debug|Any CPU
		{5C990908-1594-40ED-8569-D6AA055B0887}.Release|Any CPU.ActiveCfg = Release|Any CPU
		{5C990908-1594-40ED-8569-D6AA055B0887}.Release|Any CPU.Build.0 = Release|Any CPU
	EndGlobalSection
	GlobalSection(SolutionProperties) = preSolution
		HideSolutionNode = FALSE
	EndGlobalSection
	GlobalSection(NestedProjects) = preSolution
		{3746073A-1C5C-40A7-9D50-CB2A94CA888A} = {ECBD28DE-AFFB-4C9A-8988-6297FA5ADDD5}
		{4C93DBB6-7840-4277-BAF1-56148B62FB3D} = {6FA93B2E-A5E5-44CA-9851-52FAA2BF5C57}
		{6FA93B2E-A5E5-44CA-9851-52FAA2BF5C57} = {DE1DF0B9-0403-4888-8B24-8208348E9AFA}
		{5981ADBE-58A4-4F84-9529-E7D7F7E1610C} = {3746073A-1C5C-40A7-9D50-CB2A94CA888A}
		{CD83426E-2BA1-4DB0-94D9-1185C076276F} = {3746073A-1C5C-40A7-9D50-CB2A94CA888A}
		{411B666F-EDA0-47E0-BB34-3EAF047549A0} = {6FA93B2E-A5E5-44CA-9851-52FAA2BF5C57}
		{0330EB27-814D-4CF6-B377-3BFA884D5FD2} = {3746073A-1C5C-40A7-9D50-CB2A94CA888A}
		{62644B42-76EF-4FC2-8736-3E9B96C1D832} = {ECBD28DE-AFFB-4C9A-8988-6297FA5ADDD5}
		{BAB54FFD-DF77-40B6-86A5-A1A3E0985468} = {62644B42-76EF-4FC2-8736-3E9B96C1D832}
		{83E78951-5FBE-43D5-A6BE-7735721E4C1D} = {3746073A-1C5C-40A7-9D50-CB2A94CA888A}
		{7A5E9C1B-CE91-463D-B0D1-8117C9E29D30} = {3746073A-1C5C-40A7-9D50-CB2A94CA888A}
		{A93DFEEC-0DC7-4628-96F7-914A8053732B} = {3746073A-1C5C-40A7-9D50-CB2A94CA888A}
		{1907A873-8368-4CFF-B5B3-98F04CD2E3A7} = {ECBD28DE-AFFB-4C9A-8988-6297FA5ADDD5}
		{0A32F32B-49DF-49AB-8F3C-AFDD28517A89} = {3746073A-1C5C-40A7-9D50-CB2A94CA888A}
		{ED44ED49-3F9E-4D14-A600-51D7792A3F64} = {1907A873-8368-4CFF-B5B3-98F04CD2E3A7}
		{883EF7C5-4234-4A1B-82BC-36597D280B57} = {1907A873-8368-4CFF-B5B3-98F04CD2E3A7}
		{69B79A60-3719-43E5-BE12-78E401C7BC0C} = {62644B42-76EF-4FC2-8736-3E9B96C1D832}
		{D1083FEB-81A7-4BBF-ADDB-C03D143BC4AB} = {DE1DF0B9-0403-4888-8B24-8208348E9AFA}
		{F680DA14-282E-471E-8E1C-F4D2067B718E} = {D1083FEB-81A7-4BBF-ADDB-C03D143BC4AB}
		{E220692E-909A-4855-A67F-64C3A9590BA6} = {3746073A-1C5C-40A7-9D50-CB2A94CA888A}
		{18A2D4FE-27BB-4A69-8C07-29169B9006B3} = {F1B4AAEF-9162-4DFA-8B62-4069FC914839}
		{26F6273A-567A-4AA4-8304-AEC57FC40DC9} = {3746073A-1C5C-40A7-9D50-CB2A94CA888A}
		{2DA558AE-D250-4277-BF10-D7BE85977843} = {F1B4AAEF-9162-4DFA-8B62-4069FC914839}
		{5C990908-1594-40ED-8569-D6AA055B0887} = {3746073A-1C5C-40A7-9D50-CB2A94CA888A}
	EndGlobalSection
	GlobalSection(ExtensibilityGlobals) = postSolution
		SolutionGuid = {AA6E8E23-8AB6-4AB6-9B31-494CB7CE5E63}
	EndGlobalSection
EndGlobal
