Microsoft Visual Studio Solution File, Format Version 12.00
# Visual Studio Version 16
VisualStudioVersion = 16.0.28714.193
MinimumVisualStudioVersion = 10.0.40219.1
Project("{9A19103F-16F7-4668-BE54-9A1E7A4F7556}") = "Ding", "src\Ding\Ding.csproj", "{508A56A2-7667-4650-9CD0-84B072F5B2A0}"
EndProject
Project("{9A19103F-16F7-4668-BE54-9A1E7A4F7556}") = "Ding.Security", "src\Ding.Security\Ding.Security.csproj", "{CCCE1B96-7AD9-4AB1-857C-3186783442E4}"
EndProject
Project("{9A19103F-16F7-4668-BE54-9A1E7A4F7556}") = "Ding.Applications", "src\Ding.Applications\Ding.Applications.csproj", "{21D37EC8-D100-4662-89AF-704C9BB949BF}"
EndProject
Project("{9A19103F-16F7-4668-BE54-9A1E7A4F7556}") = "Ding.Biz", "src\Ding.Biz\Ding.Biz.csproj", "{DAAB69D3-B28F-4410-8436-3F3696B0826E}"
EndProject
Project("{9A19103F-16F7-4668-BE54-9A1E7A4F7556}") = "Ding.Caches", "src\Ding.Caches\Ding.Caches.csproj", "{0F3ACB08-7815-4376-A125-8CC28CD44809}"
EndProject
Project("{9A19103F-16F7-4668-BE54-9A1E7A4F7556}") = "Ding.Datas", "src\Ding.Datas\Ding.Datas.csproj", "{AAD62270-DAA5-4F9D-A533-0F02468985AC}"
EndProject
Project("{9A19103F-16F7-4668-BE54-9A1E7A4F7556}") = "Ding.Events", "src\Ding.Events\Ding.Events.csproj", "{55E59A63-49BB-4BA6-9500-8E330FF68889}"
EndProject
Project("{9A19103F-16F7-4668-BE54-9A1E7A4F7556}") = "Ding.Logs", "src\Ding.Logs\Ding.Logs.csproj", "{AA7A85BC-23CC-4FEC-B52D-4315661A3F62}"
EndProject
Project("{9A19103F-16F7-4668-BE54-9A1E7A4F7556}") = "Ding.Schedulers", "src\Ding.Schedulers\Ding.Schedulers.csproj", "{EFF43C8B-8424-4AFE-A172-73ED27D71CA8}"
EndProject
Project("{9A19103F-16F7-4668-BE54-9A1E7A4F7556}") = "Ding.QrCode", "src\Ding.Tools.QrCode\Ding.QrCode.csproj", "{2F232FEB-4B51-47B9-9B16-241EA0657619}"
EndProject
Project("{9A19103F-16F7-4668-BE54-9A1E7A4F7556}") = "Ding.Sms", "src\Ding.Tools.Sms\Ding.Sms.csproj", "{C0EBD5A1-C3AC-4FB9-9F8D-9027851693C6}"
EndProject
Project("{9A19103F-16F7-4668-BE54-9A1E7A4F7556}") = "Ding.Webs", "src\Ding.Webs\Ding.Webs.csproj", "{90FD0549-5E2D-487F-B4C2-F9BB27C3A12E}"
EndProject
Project("{9A19103F-16F7-4668-BE54-9A1E7A4F7556}") = "Ding.Ui.Abstractions", "src\Ding.Ui.Abstractions\Ding.Ui.Abstractions.csproj", "{A03EAFB7-2901-4DC3-95D3-EC1024F82F1C}"
EndProject
Project("{9A19103F-16F7-4668-BE54-9A1E7A4F7556}") = "Ding.Ui.Core", "src\Ding.Ui.Core\Ding.Ui.Core.csproj", "{CE4842F9-76B3-44FC-969E-3C5465820BB2}"
EndProject
Project("{9A19103F-16F7-4668-BE54-9A1E7A4F7556}") = "Ding.Core", "src\Ding.Core\Ding.Core.csproj", "{D6080E28-083E-4A23-8CD5-B8B9F9C5C2CD}"
EndProject
Project("{9A19103F-16F7-4668-BE54-9A1E7A4F7556}") = "Ding.CookieManager", "src\Ding.CookieManager\Ding.CookieManager.csproj", "{4D47B877-8D3A-44FA-B9EF-B4E34CCFCF3F}"
EndProject
Project("{2150E333-8FDC-42A3-9474-1A3956D46DE8}") = "01-src", "01-src", "{5F4B688A-AB67-47AE-B2F2-699F9D646B2D}"
EndProject
Project("{9A19103F-16F7-4668-BE54-9A1E7A4F7556}") = "Ding.TimedJob", "src\Ding.TimedJob\Ding.TimedJob.csproj", "{5270779E-C533-4D44-B3A7-9F8844D3FEE8}"
EndProject
Project("{9A19103F-16F7-4668-BE54-9A1E7A4F7556}") = "Ding.Swashbuckle", "src\Ding.Swashbuckle\Ding.Swashbuckle.csproj", "{816DA3F2-3E37-4CF0-A59C-CA24DEEC5C59}"
EndProject
Project("{9A19103F-16F7-4668-BE54-9A1E7A4F7556}") = "Ding.Biz.OAuthLogin", "src\Ding.Biz.OAuthLogin\Ding.Biz.OAuthLogin.csproj", "{7B10E510-CC44-417B-B69D-D6421071EC72}"
EndProject
Project("{9A19103F-16F7-4668-BE54-9A1E7A4F7556}") = "Ding.AspNetCore", "src\Ding.AspNetCore\Ding.AspNetCore.csproj", "{FB8AFF35-4C44-417B-9F69-A23BFB957CD2}"
EndProject
Project("{9A19103F-16F7-4668-BE54-9A1E7A4F7556}") = "Ding.MailKit", "src\Ding.MailKit\Ding.MailKit.csproj", "{501EAA60-8FEB-430B-B8CC-FE0281DB80B0}"
EndProject
Project("{2150E333-8FDC-42A3-9474-1A3956D46DE8}") = "01-Core", "01-Core", "{4EDFCA61-82F2-497D-BCD2-D84CB996AA9B}"
EndProject
Project("{2150E333-8FDC-42A3-9474-1A3956D46DE8}") = "02-Biz", "02-Biz", "{B2B8C8DD-3DF6-4DF3-B215-E6B124237857}"
EndProject
Project("{2150E333-8FDC-42A3-9474-1A3956D46DE8}") = "03-Component", "03-Component", "{2EAEB30B-6C74-4A6F-88A3-B9F0A8717E61}"
EndProject
Project("{2150E333-8FDC-42A3-9474-1A3956D46DE8}") = "04-tools", "04-tools", "{4858128B-CD19-4165-9EEA-0995E748739B}"
EndProject
Project("{2150E333-8FDC-42A3-9474-1A3956D46DE8}") = "02-test", "02-test", "{D780BECB-2EA4-413A-98E3-0E64A4B2BAF2}"
EndProject
Project("{2150E333-8FDC-42A3-9474-1A3956D46DE8}") = "03-sample", "03-sample", "{E7FA4692-310D-4938-BA48-583C4BB0832B}"
EndProject
Project("{2150E333-8FDC-42A3-9474-1A3956D46DE8}") = "01-Core", "01-Core", "{39C28502-1D0E-457A-9DE6-EB44C4675CC1}"
EndProject
Project("{2150E333-8FDC-42A3-9474-1A3956D46DE8}") = "02-Security", "02-Security", "{B2027DA7-E98B-41CE-9977-A7D7E4CC8D94}"
EndProject
Project("{2150E333-8FDC-42A3-9474-1A3956D46DE8}") = "03-Logs", "03-Logs", "{0C5FBD44-A8CD-44EC-BC2C-870F9EBDCF5A}"
EndProject
Project("{2150E333-8FDC-42A3-9474-1A3956D46DE8}") = "04-Events", "04-Events", "{F9DF703C-D2FF-4BFD-89D5-4B8D0C83A269}"
EndProject
Project("{2150E333-8FDC-42A3-9474-1A3956D46DE8}") = "05-Data", "05-Data", "{C3E4C81A-1C09-4A5E-BD14-C2C2257A00B6}"
EndProject
Project("{2150E333-8FDC-42A3-9474-1A3956D46DE8}") = "06-Applications", "06-Applications", "{70EB0D66-07E7-4918-BF7D-8F682098FF1F}"
EndProject
Project("{2150E333-8FDC-42A3-9474-1A3956D46DE8}") = "07-Webs", "07-Webs", "{B8FF8E84-02AF-4A8C-96FF-B90D99A4CF11}"
EndProject
Project("{2150E333-8FDC-42A3-9474-1A3956D46DE8}") = "08-Caching", "08-Caching", "{94A00FCE-FADD-4ACD-A950-77F77B77E5CE}"
EndProject
Project("{2150E333-8FDC-42A3-9474-1A3956D46DE8}") = "09-Schedulers", "09-Schedulers", "{E6E1F45F-45CC-4BE3-AA92-7AA42184A1C3}"
EndProject
Project("{2150E333-8FDC-42A3-9474-1A3956D46DE8}") = "10-XCode", "10-XCode", "{95E11A30-AA4B-4853-9CC7-E2BF59495134}"
EndProject
Project("{9A19103F-16F7-4668-BE54-9A1E7A4F7556}") = "Ding.XCode", "src\Ding.XCode\Ding.XCode.csproj", "{486C2487-909D-44CF-9D34-83C790E5495F}"
EndProject
Project("{2150E333-8FDC-42A3-9474-1A3956D46DE8}") = "11-Net", "11-Net", "{B5F554B1-E7E6-4A2E-A616-8AEACA72A8EB}"
EndProject
Project("{9A19103F-16F7-4668-BE54-9A1E7A4F7556}") = "Ding.Net", "src\Ding.Net\Ding.Net.csproj", "{93D82825-E9DE-4EBA-835D-9FE67A067381}"
EndProject
Project("{2150E333-8FDC-42A3-9474-1A3956D46DE8}") = "02-Ui", "02-Ui", "{D888F1F2-1789-4E48-8A7A-52020044185C}"
EndProject
Project("{2150E333-8FDC-42A3-9474-1A3956D46DE8}") = "ExpressDelivery", "ExpressDelivery", "{547FDBA5-10EE-4412-9B7C-0308C4CFF70B}"
EndProject
Project("{9A19103F-16F7-4668-BE54-9A1E7A4F7556}") = "Ding.ExpressDelivery", "src\Ding.ExpressDelivery\Ding.ExpressDelivery.csproj", "{CF473B03-7C2B-4C23-A1CC-B373C5D94A46}"
EndProject
Project("{9A19103F-16F7-4668-BE54-9A1E7A4F7556}") = "Ding.ExpressDelivery.CaiNiao", "src\Ding.ExpressDelivery.CaiNiao\Ding.ExpressDelivery.CaiNiao.csproj", "{0D3B9A77-E733-4549-9AD8-D796566D24B4}"
EndProject
Project("{9A19103F-16F7-4668-BE54-9A1E7A4F7556}") = "Ding.ExpressDelivery.Kdniao", "src\Ding.ExpressDelivery.Kdniao\Ding.ExpressDelivery.Kdniao.csproj", "{85FACAE7-F035-4B3B-BBE8-2FC820E2A3AB}"
EndProject
Project("{9A19103F-16F7-4668-BE54-9A1E7A4F7556}") = "Ding.ExpressDelivery.KuaiDi100", "src\Ding.ExpressDelivery.KuaiDi100\Ding.ExpressDelivery.KuaiDi100.csproj", "{9451D1D3-2F8D-459C-A59A-BA2C799AEBA2}"
EndProject
Project("{2150E333-8FDC-42A3-9474-1A3956D46DE8}") = "QRCode", "QRCode", "{CD943F2F-A6D0-495F-B2B3-B1898C1E7401}"
EndProject
Project("{9A19103F-16F7-4668-BE54-9A1E7A4F7556}") = "Ding.QRCode.QRCoder", "src\Ding.QRCode.QRCoder\Ding.QRCode.QRCoder.csproj", "{85220BDA-A026-4FDB-B505-6B6B330ED431}"
EndProject
Project("{9A19103F-16F7-4668-BE54-9A1E7A4F7556}") = "Ding.QRCode.ZXing", "src\Ding.QRCode.ZXing\Ding.QRCode.ZXing.csproj", "{D0FB750A-FCAC-487D-9BF2-5BC044308B4E}"
EndProject
Project("{9A19103F-16F7-4668-BE54-9A1E7A4F7556}") = "Ding.Agent", "src\Ding.Agent\Ding.Agent.csproj", "{74775284-91F1-4763-9356-2CA2D1BB6836}"
EndProject
Project("{2150E333-8FDC-42A3-9474-1A3956D46DE8}") = "01-Scheduler", "01-Scheduler", "{50E38140-2CF7-4517-8233-0FF753451F46}"
EndProject
Project("{2150E333-8FDC-42A3-9474-1A3956D46DE8}") = "02-Offices", "02-Offices", "{6ECCA7D1-CA59-43ED-A2D8-BBB65743241F}"
EndProject
Project("{9A19103F-16F7-4668-BE54-9A1E7A4F7556}") = "Ding.Scheduler", "src\Ding.Scheduler\Ding.Scheduler.csproj", "{33C3F9C9-4D39-4877-A075-9304961F8709}"
EndProject
Project("{9A19103F-16F7-4668-BE54-9A1E7A4F7556}") = "Ding.Scheduler.Client", "src\Ding.Scheduler.Client\Ding.Scheduler.Client.csproj", "{07475645-B808-4713-9EE6-006A8B6DA361}"
EndProject
Project("{9A19103F-16F7-4668-BE54-9A1E7A4F7556}") = "Ding.Scheduler.Quartz", "src\Ding.Scheduler.Quartz\Ding.Scheduler.Quartz.csproj", "{724994B6-6371-41D7-A88A-7363B4533E51}"
EndProject
Project("{9A19103F-16F7-4668-BE54-9A1E7A4F7556}") = "Ding.Scheduler.Server", "src\Ding.Scheduler.Server\Ding.Scheduler.Server.csproj", "{1E1666F6-A958-4AAE-AF2D-B712E74F8C1E}"
EndProject
Project("{9A19103F-16F7-4668-BE54-9A1E7A4F7556}") = "Ding.Offices", "src\Ding.Offices\Ding.Offices.csproj", "{8D715087-6710-4EA3-B27F-D672DECC3F76}"
EndProject
Project("{9A19103F-16F7-4668-BE54-9A1E7A4F7556}") = "Ding.Offices.Excels", "src\Ding.Offices.Excels\Ding.Offices.Excels.csproj", "{A8D4236D-A32D-40C9-879F-93B6F41B5D77}"
EndProject
Project("{9A19103F-16F7-4668-BE54-9A1E7A4F7556}") = "Ding.Offices.Excels.Npoi", "src\Ding.Offices.Excels.Npoi\Ding.Offices.Excels.Npoi.csproj", "{8B5537D9-89D9-4D33-B02D-E5535F69DC3E}"
EndProject
Project("{9A19103F-16F7-4668-BE54-9A1E7A4F7556}") = "Ding.Offices.Npoi", "src\Ding.Offices.Npoi\Ding.Offices.Npoi.csproj", "{4F07BC75-FA88-4CC9-B255-50BD5D356D45}"
EndProject
Project("{9A19103F-16F7-4668-BE54-9A1E7A4F7556}") = "Ding.SharpConfig", "src\Ding.SharpConfig\Ding.SharpConfig.csproj", "{FE13A3E4-E215-4B95-898B-5418D6116A96}"
EndProject
Project("{9A19103F-16F7-4668-BE54-9A1E7A4F7556}") = "Ding.BankCardValidation", "src\Ding.BankCardValidation\Ding.BankCardValidation.csproj", "{330BE97F-07E0-4BDC-A8E0-6FFAF5AF4777}"
EndProject
Project("{9A19103F-16F7-4668-BE54-9A1E7A4F7556}") = "Ding.DDNS", "src\Ding.DDNSClient\Ding.DDNS.csproj", "{DCA8FD48-68D7-404B-845F-3FAC2F897C17}"
EndProject
Project("{9A19103F-16F7-4668-BE54-9A1E7A4F7556}") = "Ding.Elasticsearch", "src\Ding.Elasticsearch\Ding.Elasticsearch.csproj", "{16FB0B8E-93CA-4923-A90C-E8AC5A7F7AD5}"
EndProject
Project("{9A19103F-16F7-4668-BE54-9A1E7A4F7556}") = "Ding.MockData", "src\Ding.MockData\Ding.MockData.csproj", "{3E90135F-3CC5-4B3B-8DF7-11CDFE27A697}"
EndProject
Project("{9A19103F-16F7-4668-BE54-9A1E7A4F7556}") = "Ding.UrlShorter", "src\Ding.UrlShorter\Ding.UrlShorter.csproj", "{8DFFC051-55AB-4E23-A27A-8784F0283BCA}"
EndProject
Project("{9A19103F-16F7-4668-BE54-9A1E7A4F7556}") = "Ding.Web.Template", "src\Ding.Web.Template\Ding.Web.Template.csproj", "{1FAAB80E-7302-41E0-B547-68807AE82BB7}"
EndProject
Project("{FAE04EC0-301F-11D3-BF4B-00C04F79EFBC}") = "Ding.XTemplate", "src\Ding.XTemplate\Ding.XTemplate.csproj", "{55BA37EE-01A2-438F-A0FB-6B57440BF2F0}"
EndProject
Project("{FAE04EC0-301F-11D3-BF4B-00C04F79EFBC}") = "Ding.XCoder", "src\Ding.Xcoder\Ding.XCoder.csproj", "{3EB3A5F1-F785-4672-A21D-A3117FC12129}"
EndProject
Project("{9A19103F-16F7-4668-BE54-9A1E7A4F7556}") = "Ding.Encryption", "src\Ding.Encryption\Ding.Encryption.csproj", "{9EB0DA4C-47C9-4649-A446-AA59EFDD5AA2}"
EndProject
Project("{9A19103F-16F7-4668-BE54-9A1E7A4F7556}") = "Ding.Geetest", "src\Ding.Geetest\Ding.Geetest.csproj", "{6E2211D8-7FD1-49FC-BABF-B711162ECE5D}"
EndProject
Project("{9A19103F-16F7-4668-BE54-9A1E7A4F7556}") = "Ding.IM", "src\Ding.IM\Ding.IM.csproj", "{8C4D7E1C-66CB-45CA-8AFE-7BD02CBBF846}"
EndProject
Project("{9A19103F-16F7-4668-BE54-9A1E7A4F7556}") = "Ding.MQ", "src\Ding.MQ\Ding.MQ.csproj", "{50500448-1028-43C7-8E28-88C9943A67E0}"
EndProject
Project("{9A19103F-16F7-4668-BE54-9A1E7A4F7556}") = "Ding.MySqlBackup", "src\Ding.MySqlBackup\Ding.MySqlBackup.csproj", "{903C629B-EF2A-4EF0-A43D-C345AD3BCF60}"
EndProject
Project("{9A19103F-16F7-4668-BE54-9A1E7A4F7556}") = "Ding.Pdu", "src\Ding.Pdu\Ding.Pdu.csproj", "{2857E851-06C0-482F-A139-3EDF6022AD7B}"
EndProject
Project("{9A19103F-16F7-4668-BE54-9A1E7A4F7556}") = "Ding.Redis", "src\Ding.Redis\Ding.Redis.csproj", "{E21D64E3-A567-48F1-84A4-A01286E8FCF5}"
EndProject
Project("{9A19103F-16F7-4668-BE54-9A1E7A4F7556}") = "Ding.Sequence", "src\Ding.Sequence\Ding.Sequence.csproj", "{C9487107-87FB-49CC-864B-90F3D71131F3}"
EndProject
Project("{9A19103F-16F7-4668-BE54-9A1E7A4F7556}") = "Ding.VueCliMiddle", "src\Ding.VueCliMiddle\Ding.VueCliMiddle.csproj", "{8C577D1F-607A-4AE9-BD63-918DB493578A}"
EndProject
Project("{FAE04EC0-301F-11D3-BF4B-00C04F79EFBC}") = "Ding.XProxy", "src\Ding.XProxy\Ding.XProxy.csproj", "{E2BA9F2D-AE8E-40AD-A18D-CB99AF3EE765}"
EndProject
Project("{9A19103F-16F7-4668-BE54-9A1E7A4F7556}") = "Ding.Drawing", "src\Ding.Drawing\Ding.Drawing.csproj", "{AB2D10DC-47F7-430A-9659-17AC4CC158CF}"
EndProject
Project("{9A19103F-16F7-4668-BE54-9A1E7A4F7556}") = "Ding.Ui.Angular", "src\Ding.Ui.Angular\Ding.Ui.Angular.csproj", "{7504C7A6-A3D2-4A49-A89B-9C1925A3D70F}"
EndProject
Project("{9A19103F-16F7-4668-BE54-9A1E7A4F7556}") = "Ding.Ui.Angular.AntDesign", "src\Ding.Ui.Angular.AntDesign\Ding.Ui.Angular.AntDesign.csproj", "{BAD54382-E800-4AB0-B8DC-C4D9CA1AEDBD}"
EndProject
Project("{9A19103F-16F7-4668-BE54-9A1E7A4F7556}") = "Ding.Ui.Angular.Material", "src\Ding.Ui.Angular.Material\Ding.Ui.Angular.Material.csproj", "{94E50980-9838-4648-A90F-11C639197908}"
EndProject
Project("{9A19103F-16F7-4668-BE54-9A1E7A4F7556}") = "02-Ding.Datas.Tests.Integration", "test\Ding.Datas.Tests.Integration\02-Ding.Datas.Tests.Integration.csproj", "{92D73AF6-C197-4FE7-A91D-7849B9EEB953}"
EndProject
Project("{9A19103F-16F7-4668-BE54-9A1E7A4F7556}") = "01-Ding.Tests", "test\Ding.Tests\01-Ding.Tests.csproj", "{86E6A53E-6CF2-4C6C-9545-681A0D7F6AB8}"
EndProject
Project("{9A19103F-16F7-4668-BE54-9A1E7A4F7556}") = "Ding.Samples.Schedulers", "sample\Ding.Samples.Schedulers\Ding.Samples.Schedulers.csproj", "{A5F17309-16CA-4030-A05F-C3C774F37D25}"
EndProject
Project("{9A19103F-16F7-4668-BE54-9A1E7A4F7556}") = "PushNuget", "sample\PushNuget\PushNuget.csproj", "{F4CFB14C-AB1F-44E9-AF0D-A8DD6D522D63}"
EndProject
Project("{9A19103F-16F7-4668-BE54-9A1E7A4F7556}") = "Ding.SafeOrBit", "src\Ding.SafeOrBit\Ding.SafeOrBit.csproj", "{0A5F5459-5682-4621-A0F1-FFE2AA6AA617}"
EndProject
Project("{2150E333-8FDC-42A3-9474-1A3956D46DE8}") = "01-Payment", "01-Payment", "{89BC4CEC-F0D6-4484-BCAD-A1C217DAC53C}"
EndProject
Project("{2150E333-8FDC-42A3-9474-1A3956D46DE8}") = "02-Login", "02-Login", "{FF2FB4C9-5C8E-450C-AE44-788AE3EE7CBB}"
EndProject
Project("{2150E333-8FDC-42A3-9474-1A3956D46DE8}") = "00-Biz", "00-Biz", "{34D3855E-C236-419C-8954-2DFF244ECA91}"
EndProject
Project("{9A19103F-16F7-4668-BE54-9A1E7A4F7556}") = "Ding.Biz.Payment.Alipay", "src\Ding.Biz.Payment.Alipay\Ding.Biz.Payment.Alipay.csproj", "{5F9C010E-B06F-4E87-A1ED-A3DE6C6D48CD}"
EndProject
Project("{9A19103F-16F7-4668-BE54-9A1E7A4F7556}") = "Ding.Biz.Payment.Security", "src\Ding.Biz.Payment.Security\Ding.Biz.Payment.Security.csproj", "{06FDAECA-61AF-41FA-8381-5D964382A665}"
EndProject
Project("{9A19103F-16F7-4668-BE54-9A1E7A4F7556}") = "Ding.Biz.Payment.JDPay", "src\Ding.Biz.Payment.JDPay\Ding.Biz.Payment.JDPay.csproj", "{98798945-A37E-425D-896D-E22C458FD097}"
EndProject
Project("{9A19103F-16F7-4668-BE54-9A1E7A4F7556}") = "Ding.Biz.Payment.LianLianPay", "src\Ding.Biz.Payment.LianLianPay\Ding.Biz.Payment.LianLianPay.csproj", "{EFA68B0F-B312-4FD2-8969-31F572465EA3}"
EndProject
Project("{9A19103F-16F7-4668-BE54-9A1E7A4F7556}") = "Ding.Biz.Payment.QPay", "src\Ding.Biz.Payment.QPay\Ding.Biz.Payment.QPay.csproj", "{90B703A5-F2B6-46CF-B3E4-724E0BF4C93A}"
EndProject
Project("{9A19103F-16F7-4668-BE54-9A1E7A4F7556}") = "Ding.Biz.Payment.UnionPay", "src\Ding.Biz.Payment.UnionPay\Ding.Biz.Payment.UnionPay.csproj", "{C578AC78-2D45-4898-83D7-B89B264D273B}"
EndProject
Project("{9A19103F-16F7-4668-BE54-9A1E7A4F7556}") = "Ding.Biz.Payment.WeChatPay", "src\Ding.Biz.Payment.WeChatPay\Ding.Biz.Payment.WeChatPay.csproj", "{C942859C-258E-4125-BBB2-12CEE56BEC04}"
EndProject
Project("{2150E333-8FDC-42A3-9474-1A3956D46DE8}") = "03-Hangfire", "03-Hangfire", "{59570464-A482-4D56-B222-B32A8D554489}"
EndProject
Project("{9A19103F-16F7-4668-BE54-9A1E7A4F7556}") = "Ding.Hangfire", "src\Ding.Hangfire\Ding.Hangfire.csproj", "{2022CDB3-D5AE-405D-978D-489EF496A4B5}"
EndProject
Project("{9A19103F-16F7-4668-BE54-9A1E7A4F7556}") = "Ding.Hangfire.RecurringJobExtensions", "src\Ding.Hangfire.RecurringJobExtensions\Ding.Hangfire.RecurringJobExtensions.csproj", "{18C0C5BD-4E10-4BC5-8BAA-2B34EF2F5CAC}"
EndProject
Project("{9A19103F-16F7-4668-BE54-9A1E7A4F7556}") = "Ding.Hangfire.SQLite", "src\Ding.Hangfire.SQLite\Ding.Hangfire.SQLite.csproj", "{0B477521-A8FA-40DA-82DC-215B422F4828}"
EndProject
Project("{9A19103F-16F7-4668-BE54-9A1E7A4F7556}") = "Ding.Marked", "src\Ding.Marked\Ding.Marked.csproj", "{63365E8F-69B3-4E39-B770-62258F40F178}"
EndProject
Project("{9A19103F-16F7-4668-BE54-9A1E7A4F7556}") = "Ding.Captcha", "src\Ding.Captcha\Ding.Captcha.csproj", "{12698335-58F5-4E3A-959D-9B64F42811CB}"
EndProject
Project("{2150E333-8FDC-42A3-9474-1A3956D46DE8}") = "12-Utils", "12-Utils", "{3AFFD3EB-D469-4FC4-83D7-1CE8BD4AF2A1}"
EndProject
Project("{9A19103F-16F7-4668-BE54-9A1E7A4F7556}") = "Ding.Utils", "src\Ding.Tools\Ding.Utils.csproj", "{3E742E75-6E2C-447A-B02A-C14E82AD32C9}"
EndProject
Project("{9A19103F-16F7-4668-BE54-9A1E7A4F7556}") = "Ding.QiNiu", "src\Ding.QiNiu\Ding.QiNiu.csproj", "{F0428B41-DCEC-4711-9D99-C14AFD59CB96}"
EndProject
Project("{9A19103F-16F7-4668-BE54-9A1E7A4F7556}") = "Ding.Samples", "sample\Ding.Samples\Ding.Samples.csproj", "{DBC702F0-2777-4504-9BC0-B61A9346A25D}"
EndProject
Project("{9A19103F-16F7-4668-BE54-9A1E7A4F7556}") = "DC.Samples", "sample\DC.Samples\DC.Samples.csproj", "{D23DD489-1C79-449C-A6E2-626B3FA1D3FB}"
EndProject
Project("{2150E333-8FDC-42A3-9474-1A3956D46DE8}") = "13-MemoryDB", "13-MemoryDB", "{263C92DE-2CF3-47AC-8385-302BD8246363}"
EndProject
Project("{9A19103F-16F7-4668-BE54-9A1E7A4F7556}") = "Ding.MemoryDB", "src\Ding.MemoryDB\Ding.MemoryDB.csproj", "{84DC308C-CB65-4E43-8D8A-33211E50A195}"
EndProject
Project("{FAE04EC0-301F-11D3-BF4B-00C04F79EFBC}") = "Ding.Turing", "src\Ding.Turing\Ding.Turing.csproj", "{6AB2909B-911B-4E2A-9815-F8F29E2A34AD}"
EndProject
Global
	GlobalSection(SolutionConfigurationPlatforms) = preSolution
		Debug|Any CPU = Debug|Any CPU
		Release|Any CPU = Release|Any CPU
		Test|Any CPU = Test|Any CPU
	EndGlobalSection
	GlobalSection(ProjectConfigurationPlatforms) = postSolution
		{508A56A2-7667-4650-9CD0-84B072F5B2A0}.Debug|Any CPU.ActiveCfg = Debug|Any CPU
		{508A56A2-7667-4650-9CD0-84B072F5B2A0}.Debug|Any CPU.Build.0 = Debug|Any CPU
		{508A56A2-7667-4650-9CD0-84B072F5B2A0}.Release|Any CPU.ActiveCfg = Release|Any CPU
		{508A56A2-7667-4650-9CD0-84B072F5B2A0}.Release|Any CPU.Build.0 = Release|Any CPU
		{508A56A2-7667-4650-9CD0-84B072F5B2A0}.Test|Any CPU.ActiveCfg = Release|Any CPU
		{508A56A2-7667-4650-9CD0-84B072F5B2A0}.Test|Any CPU.Build.0 = Release|Any CPU
		{CCCE1B96-7AD9-4AB1-857C-3186783442E4}.Debug|Any CPU.ActiveCfg = Debug|Any CPU
		{CCCE1B96-7AD9-4AB1-857C-3186783442E4}.Debug|Any CPU.Build.0 = Debug|Any CPU
		{CCCE1B96-7AD9-4AB1-857C-3186783442E4}.Release|Any CPU.ActiveCfg = Release|Any CPU
		{CCCE1B96-7AD9-4AB1-857C-3186783442E4}.Release|Any CPU.Build.0 = Release|Any CPU
		{CCCE1B96-7AD9-4AB1-857C-3186783442E4}.Test|Any CPU.ActiveCfg = Release|Any CPU
		{CCCE1B96-7AD9-4AB1-857C-3186783442E4}.Test|Any CPU.Build.0 = Release|Any CPU
		{21D37EC8-D100-4662-89AF-704C9BB949BF}.Debug|Any CPU.ActiveCfg = Debug|Any CPU
		{21D37EC8-D100-4662-89AF-704C9BB949BF}.Debug|Any CPU.Build.0 = Debug|Any CPU
		{21D37EC8-D100-4662-89AF-704C9BB949BF}.Release|Any CPU.ActiveCfg = Release|Any CPU
		{21D37EC8-D100-4662-89AF-704C9BB949BF}.Release|Any CPU.Build.0 = Release|Any CPU
		{21D37EC8-D100-4662-89AF-704C9BB949BF}.Test|Any CPU.ActiveCfg = Release|Any CPU
		{21D37EC8-D100-4662-89AF-704C9BB949BF}.Test|Any CPU.Build.0 = Release|Any CPU
		{DAAB69D3-B28F-4410-8436-3F3696B0826E}.Debug|Any CPU.ActiveCfg = Debug|Any CPU
		{DAAB69D3-B28F-4410-8436-3F3696B0826E}.Debug|Any CPU.Build.0 = Debug|Any CPU
		{DAAB69D3-B28F-4410-8436-3F3696B0826E}.Release|Any CPU.ActiveCfg = Release|Any CPU
		{DAAB69D3-B28F-4410-8436-3F3696B0826E}.Release|Any CPU.Build.0 = Release|Any CPU
		{DAAB69D3-B28F-4410-8436-3F3696B0826E}.Test|Any CPU.ActiveCfg = Release|Any CPU
		{DAAB69D3-B28F-4410-8436-3F3696B0826E}.Test|Any CPU.Build.0 = Release|Any CPU
		{0F3ACB08-7815-4376-A125-8CC28CD44809}.Debug|Any CPU.ActiveCfg = Debug|Any CPU
		{0F3ACB08-7815-4376-A125-8CC28CD44809}.Debug|Any CPU.Build.0 = Debug|Any CPU
		{0F3ACB08-7815-4376-A125-8CC28CD44809}.Release|Any CPU.ActiveCfg = Release|Any CPU
		{0F3ACB08-7815-4376-A125-8CC28CD44809}.Release|Any CPU.Build.0 = Release|Any CPU
		{0F3ACB08-7815-4376-A125-8CC28CD44809}.Test|Any CPU.ActiveCfg = Release|Any CPU
		{0F3ACB08-7815-4376-A125-8CC28CD44809}.Test|Any CPU.Build.0 = Release|Any CPU
		{AAD62270-DAA5-4F9D-A533-0F02468985AC}.Debug|Any CPU.ActiveCfg = Debug|Any CPU
		{AAD62270-DAA5-4F9D-A533-0F02468985AC}.Debug|Any CPU.Build.0 = Debug|Any CPU
		{AAD62270-DAA5-4F9D-A533-0F02468985AC}.Release|Any CPU.ActiveCfg = Release|Any CPU
		{AAD62270-DAA5-4F9D-A533-0F02468985AC}.Release|Any CPU.Build.0 = Release|Any CPU
		{AAD62270-DAA5-4F9D-A533-0F02468985AC}.Test|Any CPU.ActiveCfg = Release|Any CPU
		{AAD62270-DAA5-4F9D-A533-0F02468985AC}.Test|Any CPU.Build.0 = Release|Any CPU
		{55E59A63-49BB-4BA6-9500-8E330FF68889}.Debug|Any CPU.ActiveCfg = Debug|Any CPU
		{55E59A63-49BB-4BA6-9500-8E330FF68889}.Debug|Any CPU.Build.0 = Debug|Any CPU
		{55E59A63-49BB-4BA6-9500-8E330FF68889}.Release|Any CPU.ActiveCfg = Release|Any CPU
		{55E59A63-49BB-4BA6-9500-8E330FF68889}.Release|Any CPU.Build.0 = Release|Any CPU
		{55E59A63-49BB-4BA6-9500-8E330FF68889}.Test|Any CPU.ActiveCfg = Release|Any CPU
		{55E59A63-49BB-4BA6-9500-8E330FF68889}.Test|Any CPU.Build.0 = Release|Any CPU
		{AA7A85BC-23CC-4FEC-B52D-4315661A3F62}.Debug|Any CPU.ActiveCfg = Debug|Any CPU
		{AA7A85BC-23CC-4FEC-B52D-4315661A3F62}.Debug|Any CPU.Build.0 = Debug|Any CPU
		{AA7A85BC-23CC-4FEC-B52D-4315661A3F62}.Release|Any CPU.ActiveCfg = Release|Any CPU
		{AA7A85BC-23CC-4FEC-B52D-4315661A3F62}.Release|Any CPU.Build.0 = Release|Any CPU
		{AA7A85BC-23CC-4FEC-B52D-4315661A3F62}.Test|Any CPU.ActiveCfg = Release|Any CPU
		{AA7A85BC-23CC-4FEC-B52D-4315661A3F62}.Test|Any CPU.Build.0 = Release|Any CPU
		{EFF43C8B-8424-4AFE-A172-73ED27D71CA8}.Debug|Any CPU.ActiveCfg = Debug|Any CPU
		{EFF43C8B-8424-4AFE-A172-73ED27D71CA8}.Debug|Any CPU.Build.0 = Debug|Any CPU
		{EFF43C8B-8424-4AFE-A172-73ED27D71CA8}.Release|Any CPU.ActiveCfg = Release|Any CPU
		{EFF43C8B-8424-4AFE-A172-73ED27D71CA8}.Release|Any CPU.Build.0 = Release|Any CPU
		{EFF43C8B-8424-4AFE-A172-73ED27D71CA8}.Test|Any CPU.ActiveCfg = Release|Any CPU
		{EFF43C8B-8424-4AFE-A172-73ED27D71CA8}.Test|Any CPU.Build.0 = Release|Any CPU
		{2F232FEB-4B51-47B9-9B16-241EA0657619}.Debug|Any CPU.ActiveCfg = Debug|Any CPU
		{2F232FEB-4B51-47B9-9B16-241EA0657619}.Debug|Any CPU.Build.0 = Debug|Any CPU
		{2F232FEB-4B51-47B9-9B16-241EA0657619}.Release|Any CPU.ActiveCfg = Release|Any CPU
		{2F232FEB-4B51-47B9-9B16-241EA0657619}.Release|Any CPU.Build.0 = Release|Any CPU
		{2F232FEB-4B51-47B9-9B16-241EA0657619}.Test|Any CPU.ActiveCfg = Release|Any CPU
		{2F232FEB-4B51-47B9-9B16-241EA0657619}.Test|Any CPU.Build.0 = Release|Any CPU
		{C0EBD5A1-C3AC-4FB9-9F8D-9027851693C6}.Debug|Any CPU.ActiveCfg = Debug|Any CPU
		{C0EBD5A1-C3AC-4FB9-9F8D-9027851693C6}.Debug|Any CPU.Build.0 = Debug|Any CPU
		{C0EBD5A1-C3AC-4FB9-9F8D-9027851693C6}.Release|Any CPU.ActiveCfg = Release|Any CPU
		{C0EBD5A1-C3AC-4FB9-9F8D-9027851693C6}.Release|Any CPU.Build.0 = Release|Any CPU
		{C0EBD5A1-C3AC-4FB9-9F8D-9027851693C6}.Test|Any CPU.ActiveCfg = Release|Any CPU
		{C0EBD5A1-C3AC-4FB9-9F8D-9027851693C6}.Test|Any CPU.Build.0 = Release|Any CPU
		{90FD0549-5E2D-487F-B4C2-F9BB27C3A12E}.Debug|Any CPU.ActiveCfg = Debug|Any CPU
		{90FD0549-5E2D-487F-B4C2-F9BB27C3A12E}.Debug|Any CPU.Build.0 = Debug|Any CPU
		{90FD0549-5E2D-487F-B4C2-F9BB27C3A12E}.Release|Any CPU.ActiveCfg = Release|Any CPU
		{90FD0549-5E2D-487F-B4C2-F9BB27C3A12E}.Release|Any CPU.Build.0 = Release|Any CPU
		{90FD0549-5E2D-487F-B4C2-F9BB27C3A12E}.Test|Any CPU.ActiveCfg = Release|Any CPU
		{90FD0549-5E2D-487F-B4C2-F9BB27C3A12E}.Test|Any CPU.Build.0 = Release|Any CPU
		{A03EAFB7-2901-4DC3-95D3-EC1024F82F1C}.Debug|Any CPU.ActiveCfg = Debug|Any CPU
		{A03EAFB7-2901-4DC3-95D3-EC1024F82F1C}.Debug|Any CPU.Build.0 = Debug|Any CPU
		{A03EAFB7-2901-4DC3-95D3-EC1024F82F1C}.Release|Any CPU.ActiveCfg = Release|Any CPU
		{A03EAFB7-2901-4DC3-95D3-EC1024F82F1C}.Release|Any CPU.Build.0 = Release|Any CPU
		{A03EAFB7-2901-4DC3-95D3-EC1024F82F1C}.Test|Any CPU.ActiveCfg = Release|Any CPU
		{A03EAFB7-2901-4DC3-95D3-EC1024F82F1C}.Test|Any CPU.Build.0 = Release|Any CPU
		{CE4842F9-76B3-44FC-969E-3C5465820BB2}.Debug|Any CPU.ActiveCfg = Debug|Any CPU
		{CE4842F9-76B3-44FC-969E-3C5465820BB2}.Debug|Any CPU.Build.0 = Debug|Any CPU
		{CE4842F9-76B3-44FC-969E-3C5465820BB2}.Release|Any CPU.ActiveCfg = Release|Any CPU
		{CE4842F9-76B3-44FC-969E-3C5465820BB2}.Release|Any CPU.Build.0 = Release|Any CPU
		{CE4842F9-76B3-44FC-969E-3C5465820BB2}.Test|Any CPU.ActiveCfg = Release|Any CPU
		{CE4842F9-76B3-44FC-969E-3C5465820BB2}.Test|Any CPU.Build.0 = Release|Any CPU
		{D6080E28-083E-4A23-8CD5-B8B9F9C5C2CD}.Debug|Any CPU.ActiveCfg = Debug|Any CPU
		{D6080E28-083E-4A23-8CD5-B8B9F9C5C2CD}.Debug|Any CPU.Build.0 = Debug|Any CPU
		{D6080E28-083E-4A23-8CD5-B8B9F9C5C2CD}.Release|Any CPU.ActiveCfg = Release|Any CPU
		{D6080E28-083E-4A23-8CD5-B8B9F9C5C2CD}.Release|Any CPU.Build.0 = Release|Any CPU
		{D6080E28-083E-4A23-8CD5-B8B9F9C5C2CD}.Test|Any CPU.ActiveCfg = Release|Any CPU
		{D6080E28-083E-4A23-8CD5-B8B9F9C5C2CD}.Test|Any CPU.Build.0 = Release|Any CPU
		{4D47B877-8D3A-44FA-B9EF-B4E34CCFCF3F}.Debug|Any CPU.ActiveCfg = Debug|Any CPU
		{4D47B877-8D3A-44FA-B9EF-B4E34CCFCF3F}.Debug|Any CPU.Build.0 = Debug|Any CPU
		{4D47B877-8D3A-44FA-B9EF-B4E34CCFCF3F}.Release|Any CPU.ActiveCfg = Release|Any CPU
		{4D47B877-8D3A-44FA-B9EF-B4E34CCFCF3F}.Release|Any CPU.Build.0 = Release|Any CPU
		{4D47B877-8D3A-44FA-B9EF-B4E34CCFCF3F}.Test|Any CPU.ActiveCfg = Release|Any CPU
		{4D47B877-8D3A-44FA-B9EF-B4E34CCFCF3F}.Test|Any CPU.Build.0 = Release|Any CPU
		{5270779E-C533-4D44-B3A7-9F8844D3FEE8}.Debug|Any CPU.ActiveCfg = Debug|Any CPU
		{5270779E-C533-4D44-B3A7-9F8844D3FEE8}.Debug|Any CPU.Build.0 = Debug|Any CPU
		{5270779E-C533-4D44-B3A7-9F8844D3FEE8}.Release|Any CPU.ActiveCfg = Release|Any CPU
		{5270779E-C533-4D44-B3A7-9F8844D3FEE8}.Release|Any CPU.Build.0 = Release|Any CPU
		{5270779E-C533-4D44-B3A7-9F8844D3FEE8}.Test|Any CPU.ActiveCfg = Release|Any CPU
		{5270779E-C533-4D44-B3A7-9F8844D3FEE8}.Test|Any CPU.Build.0 = Release|Any CPU
		{816DA3F2-3E37-4CF0-A59C-CA24DEEC5C59}.Debug|Any CPU.ActiveCfg = Debug|Any CPU
		{816DA3F2-3E37-4CF0-A59C-CA24DEEC5C59}.Debug|Any CPU.Build.0 = Debug|Any CPU
		{816DA3F2-3E37-4CF0-A59C-CA24DEEC5C59}.Release|Any CPU.ActiveCfg = Release|Any CPU
		{816DA3F2-3E37-4CF0-A59C-CA24DEEC5C59}.Release|Any CPU.Build.0 = Release|Any CPU
		{816DA3F2-3E37-4CF0-A59C-CA24DEEC5C59}.Test|Any CPU.ActiveCfg = Release|Any CPU
		{816DA3F2-3E37-4CF0-A59C-CA24DEEC5C59}.Test|Any CPU.Build.0 = Release|Any CPU
		{7B10E510-CC44-417B-B69D-D6421071EC72}.Debug|Any CPU.ActiveCfg = Debug|Any CPU
		{7B10E510-CC44-417B-B69D-D6421071EC72}.Debug|Any CPU.Build.0 = Debug|Any CPU
		{7B10E510-CC44-417B-B69D-D6421071EC72}.Release|Any CPU.ActiveCfg = Release|Any CPU
		{7B10E510-CC44-417B-B69D-D6421071EC72}.Release|Any CPU.Build.0 = Release|Any CPU
		{7B10E510-CC44-417B-B69D-D6421071EC72}.Test|Any CPU.ActiveCfg = Release|Any CPU
		{7B10E510-CC44-417B-B69D-D6421071EC72}.Test|Any CPU.Build.0 = Release|Any CPU
		{FB8AFF35-4C44-417B-9F69-A23BFB957CD2}.Debug|Any CPU.ActiveCfg = Debug|Any CPU
		{FB8AFF35-4C44-417B-9F69-A23BFB957CD2}.Debug|Any CPU.Build.0 = Debug|Any CPU
		{FB8AFF35-4C44-417B-9F69-A23BFB957CD2}.Release|Any CPU.ActiveCfg = Release|Any CPU
		{FB8AFF35-4C44-417B-9F69-A23BFB957CD2}.Release|Any CPU.Build.0 = Release|Any CPU
		{FB8AFF35-4C44-417B-9F69-A23BFB957CD2}.Test|Any CPU.ActiveCfg = Release|Any CPU
		{FB8AFF35-4C44-417B-9F69-A23BFB957CD2}.Test|Any CPU.Build.0 = Release|Any CPU
		{501EAA60-8FEB-430B-B8CC-FE0281DB80B0}.Debug|Any CPU.ActiveCfg = Debug|Any CPU
		{501EAA60-8FEB-430B-B8CC-FE0281DB80B0}.Debug|Any CPU.Build.0 = Debug|Any CPU
		{501EAA60-8FEB-430B-B8CC-FE0281DB80B0}.Release|Any CPU.ActiveCfg = Release|Any CPU
		{501EAA60-8FEB-430B-B8CC-FE0281DB80B0}.Release|Any CPU.Build.0 = Release|Any CPU
		{501EAA60-8FEB-430B-B8CC-FE0281DB80B0}.Test|Any CPU.ActiveCfg = Release|Any CPU
		{501EAA60-8FEB-430B-B8CC-FE0281DB80B0}.Test|Any CPU.Build.0 = Release|Any CPU
		{486C2487-909D-44CF-9D34-83C790E5495F}.Debug|Any CPU.ActiveCfg = Debug|Any CPU
		{486C2487-909D-44CF-9D34-83C790E5495F}.Debug|Any CPU.Build.0 = Debug|Any CPU
		{486C2487-909D-44CF-9D34-83C790E5495F}.Release|Any CPU.ActiveCfg = Release|Any CPU
		{486C2487-909D-44CF-9D34-83C790E5495F}.Release|Any CPU.Build.0 = Release|Any CPU
		{486C2487-909D-44CF-9D34-83C790E5495F}.Test|Any CPU.ActiveCfg = Release|Any CPU
		{486C2487-909D-44CF-9D34-83C790E5495F}.Test|Any CPU.Build.0 = Release|Any CPU
		{93D82825-E9DE-4EBA-835D-9FE67A067381}.Debug|Any CPU.ActiveCfg = Debug|Any CPU
		{93D82825-E9DE-4EBA-835D-9FE67A067381}.Debug|Any CPU.Build.0 = Debug|Any CPU
		{93D82825-E9DE-4EBA-835D-9FE67A067381}.Release|Any CPU.ActiveCfg = Release|Any CPU
		{93D82825-E9DE-4EBA-835D-9FE67A067381}.Release|Any CPU.Build.0 = Release|Any CPU
		{93D82825-E9DE-4EBA-835D-9FE67A067381}.Test|Any CPU.ActiveCfg = Release|Any CPU
		{93D82825-E9DE-4EBA-835D-9FE67A067381}.Test|Any CPU.Build.0 = Release|Any CPU
		{CF473B03-7C2B-4C23-A1CC-B373C5D94A46}.Debug|Any CPU.ActiveCfg = Debug|Any CPU
		{CF473B03-7C2B-4C23-A1CC-B373C5D94A46}.Debug|Any CPU.Build.0 = Debug|Any CPU
		{CF473B03-7C2B-4C23-A1CC-B373C5D94A46}.Release|Any CPU.ActiveCfg = Release|Any CPU
		{CF473B03-7C2B-4C23-A1CC-B373C5D94A46}.Release|Any CPU.Build.0 = Release|Any CPU
		{CF473B03-7C2B-4C23-A1CC-B373C5D94A46}.Test|Any CPU.ActiveCfg = Release|Any CPU
		{CF473B03-7C2B-4C23-A1CC-B373C5D94A46}.Test|Any CPU.Build.0 = Release|Any CPU
		{0D3B9A77-E733-4549-9AD8-D796566D24B4}.Debug|Any CPU.ActiveCfg = Debug|Any CPU
		{0D3B9A77-E733-4549-9AD8-D796566D24B4}.Debug|Any CPU.Build.0 = Debug|Any CPU
		{0D3B9A77-E733-4549-9AD8-D796566D24B4}.Release|Any CPU.ActiveCfg = Release|Any CPU
		{0D3B9A77-E733-4549-9AD8-D796566D24B4}.Release|Any CPU.Build.0 = Release|Any CPU
		{0D3B9A77-E733-4549-9AD8-D796566D24B4}.Test|Any CPU.ActiveCfg = Release|Any CPU
		{0D3B9A77-E733-4549-9AD8-D796566D24B4}.Test|Any CPU.Build.0 = Release|Any CPU
		{85FACAE7-F035-4B3B-BBE8-2FC820E2A3AB}.Debug|Any CPU.ActiveCfg = Debug|Any CPU
		{85FACAE7-F035-4B3B-BBE8-2FC820E2A3AB}.Debug|Any CPU.Build.0 = Debug|Any CPU
		{85FACAE7-F035-4B3B-BBE8-2FC820E2A3AB}.Release|Any CPU.ActiveCfg = Release|Any CPU
		{85FACAE7-F035-4B3B-BBE8-2FC820E2A3AB}.Release|Any CPU.Build.0 = Release|Any CPU
		{85FACAE7-F035-4B3B-BBE8-2FC820E2A3AB}.Test|Any CPU.ActiveCfg = Release|Any CPU
		{85FACAE7-F035-4B3B-BBE8-2FC820E2A3AB}.Test|Any CPU.Build.0 = Release|Any CPU
		{9451D1D3-2F8D-459C-A59A-BA2C799AEBA2}.Debug|Any CPU.ActiveCfg = Debug|Any CPU
		{9451D1D3-2F8D-459C-A59A-BA2C799AEBA2}.Debug|Any CPU.Build.0 = Debug|Any CPU
		{9451D1D3-2F8D-459C-A59A-BA2C799AEBA2}.Release|Any CPU.ActiveCfg = Release|Any CPU
		{9451D1D3-2F8D-459C-A59A-BA2C799AEBA2}.Release|Any CPU.Build.0 = Release|Any CPU
		{9451D1D3-2F8D-459C-A59A-BA2C799AEBA2}.Test|Any CPU.ActiveCfg = Release|Any CPU
		{9451D1D3-2F8D-459C-A59A-BA2C799AEBA2}.Test|Any CPU.Build.0 = Release|Any CPU
		{85220BDA-A026-4FDB-B505-6B6B330ED431}.Debug|Any CPU.ActiveCfg = Debug|Any CPU
		{85220BDA-A026-4FDB-B505-6B6B330ED431}.Debug|Any CPU.Build.0 = Debug|Any CPU
		{85220BDA-A026-4FDB-B505-6B6B330ED431}.Release|Any CPU.ActiveCfg = Release|Any CPU
		{85220BDA-A026-4FDB-B505-6B6B330ED431}.Release|Any CPU.Build.0 = Release|Any CPU
		{85220BDA-A026-4FDB-B505-6B6B330ED431}.Test|Any CPU.ActiveCfg = Release|Any CPU
		{85220BDA-A026-4FDB-B505-6B6B330ED431}.Test|Any CPU.Build.0 = Release|Any CPU
		{D0FB750A-FCAC-487D-9BF2-5BC044308B4E}.Debug|Any CPU.ActiveCfg = Debug|Any CPU
		{D0FB750A-FCAC-487D-9BF2-5BC044308B4E}.Debug|Any CPU.Build.0 = Debug|Any CPU
		{D0FB750A-FCAC-487D-9BF2-5BC044308B4E}.Release|Any CPU.ActiveCfg = Release|Any CPU
		{D0FB750A-FCAC-487D-9BF2-5BC044308B4E}.Release|Any CPU.Build.0 = Release|Any CPU
		{D0FB750A-FCAC-487D-9BF2-5BC044308B4E}.Test|Any CPU.ActiveCfg = Release|Any CPU
		{D0FB750A-FCAC-487D-9BF2-5BC044308B4E}.Test|Any CPU.Build.0 = Release|Any CPU
		{74775284-91F1-4763-9356-2CA2D1BB6836}.Debug|Any CPU.ActiveCfg = Debug|Any CPU
		{74775284-91F1-4763-9356-2CA2D1BB6836}.Debug|Any CPU.Build.0 = Debug|Any CPU
		{74775284-91F1-4763-9356-2CA2D1BB6836}.Release|Any CPU.ActiveCfg = Release|Any CPU
		{74775284-91F1-4763-9356-2CA2D1BB6836}.Release|Any CPU.Build.0 = Release|Any CPU
		{74775284-91F1-4763-9356-2CA2D1BB6836}.Test|Any CPU.ActiveCfg = Release|Any CPU
		{74775284-91F1-4763-9356-2CA2D1BB6836}.Test|Any CPU.Build.0 = Release|Any CPU
		{33C3F9C9-4D39-4877-A075-9304961F8709}.Debug|Any CPU.ActiveCfg = Debug|Any CPU
		{33C3F9C9-4D39-4877-A075-9304961F8709}.Debug|Any CPU.Build.0 = Debug|Any CPU
		{33C3F9C9-4D39-4877-A075-9304961F8709}.Release|Any CPU.ActiveCfg = Release|Any CPU
		{33C3F9C9-4D39-4877-A075-9304961F8709}.Release|Any CPU.Build.0 = Release|Any CPU
		{33C3F9C9-4D39-4877-A075-9304961F8709}.Test|Any CPU.ActiveCfg = Release|Any CPU
		{33C3F9C9-4D39-4877-A075-9304961F8709}.Test|Any CPU.Build.0 = Release|Any CPU
		{07475645-B808-4713-9EE6-006A8B6DA361}.Debug|Any CPU.ActiveCfg = Debug|Any CPU
		{07475645-B808-4713-9EE6-006A8B6DA361}.Debug|Any CPU.Build.0 = Debug|Any CPU
		{07475645-B808-4713-9EE6-006A8B6DA361}.Release|Any CPU.ActiveCfg = Release|Any CPU
		{07475645-B808-4713-9EE6-006A8B6DA361}.Release|Any CPU.Build.0 = Release|Any CPU
		{07475645-B808-4713-9EE6-006A8B6DA361}.Test|Any CPU.ActiveCfg = Release|Any CPU
		{07475645-B808-4713-9EE6-006A8B6DA361}.Test|Any CPU.Build.0 = Release|Any CPU
		{724994B6-6371-41D7-A88A-7363B4533E51}.Debug|Any CPU.ActiveCfg = Debug|Any CPU
		{724994B6-6371-41D7-A88A-7363B4533E51}.Debug|Any CPU.Build.0 = Debug|Any CPU
		{724994B6-6371-41D7-A88A-7363B4533E51}.Release|Any CPU.ActiveCfg = Release|Any CPU
		{724994B6-6371-41D7-A88A-7363B4533E51}.Release|Any CPU.Build.0 = Release|Any CPU
		{724994B6-6371-41D7-A88A-7363B4533E51}.Test|Any CPU.ActiveCfg = Release|Any CPU
		{724994B6-6371-41D7-A88A-7363B4533E51}.Test|Any CPU.Build.0 = Release|Any CPU
		{1E1666F6-A958-4AAE-AF2D-B712E74F8C1E}.Debug|Any CPU.ActiveCfg = Debug|Any CPU
		{1E1666F6-A958-4AAE-AF2D-B712E74F8C1E}.Debug|Any CPU.Build.0 = Debug|Any CPU
		{1E1666F6-A958-4AAE-AF2D-B712E74F8C1E}.Release|Any CPU.ActiveCfg = Release|Any CPU
		{1E1666F6-A958-4AAE-AF2D-B712E74F8C1E}.Release|Any CPU.Build.0 = Release|Any CPU
		{1E1666F6-A958-4AAE-AF2D-B712E74F8C1E}.Test|Any CPU.ActiveCfg = Release|Any CPU
		{1E1666F6-A958-4AAE-AF2D-B712E74F8C1E}.Test|Any CPU.Build.0 = Release|Any CPU
		{8D715087-6710-4EA3-B27F-D672DECC3F76}.Debug|Any CPU.ActiveCfg = Debug|Any CPU
		{8D715087-6710-4EA3-B27F-D672DECC3F76}.Debug|Any CPU.Build.0 = Debug|Any CPU
		{8D715087-6710-4EA3-B27F-D672DECC3F76}.Release|Any CPU.ActiveCfg = Release|Any CPU
		{8D715087-6710-4EA3-B27F-D672DECC3F76}.Release|Any CPU.Build.0 = Release|Any CPU
		{8D715087-6710-4EA3-B27F-D672DECC3F76}.Test|Any CPU.ActiveCfg = Release|Any CPU
		{8D715087-6710-4EA3-B27F-D672DECC3F76}.Test|Any CPU.Build.0 = Release|Any CPU
		{A8D4236D-A32D-40C9-879F-93B6F41B5D77}.Debug|Any CPU.ActiveCfg = Debug|Any CPU
		{A8D4236D-A32D-40C9-879F-93B6F41B5D77}.Debug|Any CPU.Build.0 = Debug|Any CPU
		{A8D4236D-A32D-40C9-879F-93B6F41B5D77}.Release|Any CPU.ActiveCfg = Release|Any CPU
		{A8D4236D-A32D-40C9-879F-93B6F41B5D77}.Release|Any CPU.Build.0 = Release|Any CPU
		{A8D4236D-A32D-40C9-879F-93B6F41B5D77}.Test|Any CPU.ActiveCfg = Release|Any CPU
		{A8D4236D-A32D-40C9-879F-93B6F41B5D77}.Test|Any CPU.Build.0 = Release|Any CPU
		{8B5537D9-89D9-4D33-B02D-E5535F69DC3E}.Debug|Any CPU.ActiveCfg = Debug|Any CPU
		{8B5537D9-89D9-4D33-B02D-E5535F69DC3E}.Debug|Any CPU.Build.0 = Debug|Any CPU
		{8B5537D9-89D9-4D33-B02D-E5535F69DC3E}.Release|Any CPU.ActiveCfg = Release|Any CPU
		{8B5537D9-89D9-4D33-B02D-E5535F69DC3E}.Release|Any CPU.Build.0 = Release|Any CPU
		{8B5537D9-89D9-4D33-B02D-E5535F69DC3E}.Test|Any CPU.ActiveCfg = Release|Any CPU
		{8B5537D9-89D9-4D33-B02D-E5535F69DC3E}.Test|Any CPU.Build.0 = Release|Any CPU
		{4F07BC75-FA88-4CC9-B255-50BD5D356D45}.Debug|Any CPU.ActiveCfg = Debug|Any CPU
		{4F07BC75-FA88-4CC9-B255-50BD5D356D45}.Debug|Any CPU.Build.0 = Debug|Any CPU
		{4F07BC75-FA88-4CC9-B255-50BD5D356D45}.Release|Any CPU.ActiveCfg = Release|Any CPU
		{4F07BC75-FA88-4CC9-B255-50BD5D356D45}.Release|Any CPU.Build.0 = Release|Any CPU
		{4F07BC75-FA88-4CC9-B255-50BD5D356D45}.Test|Any CPU.ActiveCfg = Release|Any CPU
		{4F07BC75-FA88-4CC9-B255-50BD5D356D45}.Test|Any CPU.Build.0 = Release|Any CPU
		{FE13A3E4-E215-4B95-898B-5418D6116A96}.Debug|Any CPU.ActiveCfg = Debug|Any CPU
		{FE13A3E4-E215-4B95-898B-5418D6116A96}.Debug|Any CPU.Build.0 = Debug|Any CPU
		{FE13A3E4-E215-4B95-898B-5418D6116A96}.Release|Any CPU.ActiveCfg = Release|Any CPU
		{FE13A3E4-E215-4B95-898B-5418D6116A96}.Release|Any CPU.Build.0 = Release|Any CPU
		{FE13A3E4-E215-4B95-898B-5418D6116A96}.Test|Any CPU.ActiveCfg = Release|Any CPU
		{FE13A3E4-E215-4B95-898B-5418D6116A96}.Test|Any CPU.Build.0 = Release|Any CPU
		{330BE97F-07E0-4BDC-A8E0-6FFAF5AF4777}.Debug|Any CPU.ActiveCfg = Debug|Any CPU
		{330BE97F-07E0-4BDC-A8E0-6FFAF5AF4777}.Debug|Any CPU.Build.0 = Debug|Any CPU
		{330BE97F-07E0-4BDC-A8E0-6FFAF5AF4777}.Release|Any CPU.ActiveCfg = Release|Any CPU
		{330BE97F-07E0-4BDC-A8E0-6FFAF5AF4777}.Release|Any CPU.Build.0 = Release|Any CPU
		{330BE97F-07E0-4BDC-A8E0-6FFAF5AF4777}.Test|Any CPU.ActiveCfg = Release|Any CPU
		{330BE97F-07E0-4BDC-A8E0-6FFAF5AF4777}.Test|Any CPU.Build.0 = Release|Any CPU
		{DCA8FD48-68D7-404B-845F-3FAC2F897C17}.Debug|Any CPU.ActiveCfg = Debug|Any CPU
		{DCA8FD48-68D7-404B-845F-3FAC2F897C17}.Debug|Any CPU.Build.0 = Debug|Any CPU
		{DCA8FD48-68D7-404B-845F-3FAC2F897C17}.Release|Any CPU.ActiveCfg = Release|Any CPU
		{DCA8FD48-68D7-404B-845F-3FAC2F897C17}.Release|Any CPU.Build.0 = Release|Any CPU
		{DCA8FD48-68D7-404B-845F-3FAC2F897C17}.Test|Any CPU.ActiveCfg = Release|Any CPU
		{DCA8FD48-68D7-404B-845F-3FAC2F897C17}.Test|Any CPU.Build.0 = Release|Any CPU
		{16FB0B8E-93CA-4923-A90C-E8AC5A7F7AD5}.Debug|Any CPU.ActiveCfg = Debug|Any CPU
		{16FB0B8E-93CA-4923-A90C-E8AC5A7F7AD5}.Debug|Any CPU.Build.0 = Debug|Any CPU
		{16FB0B8E-93CA-4923-A90C-E8AC5A7F7AD5}.Release|Any CPU.ActiveCfg = Release|Any CPU
		{16FB0B8E-93CA-4923-A90C-E8AC5A7F7AD5}.Release|Any CPU.Build.0 = Release|Any CPU
		{16FB0B8E-93CA-4923-A90C-E8AC5A7F7AD5}.Test|Any CPU.ActiveCfg = Release|Any CPU
		{16FB0B8E-93CA-4923-A90C-E8AC5A7F7AD5}.Test|Any CPU.Build.0 = Release|Any CPU
		{3E90135F-3CC5-4B3B-8DF7-11CDFE27A697}.Debug|Any CPU.ActiveCfg = Debug|Any CPU
		{3E90135F-3CC5-4B3B-8DF7-11CDFE27A697}.Debug|Any CPU.Build.0 = Debug|Any CPU
		{3E90135F-3CC5-4B3B-8DF7-11CDFE27A697}.Release|Any CPU.ActiveCfg = Release|Any CPU
		{3E90135F-3CC5-4B3B-8DF7-11CDFE27A697}.Release|Any CPU.Build.0 = Release|Any CPU
		{3E90135F-3CC5-4B3B-8DF7-11CDFE27A697}.Test|Any CPU.ActiveCfg = Release|Any CPU
		{3E90135F-3CC5-4B3B-8DF7-11CDFE27A697}.Test|Any CPU.Build.0 = Release|Any CPU
		{8DFFC051-55AB-4E23-A27A-8784F0283BCA}.Debug|Any CPU.ActiveCfg = Debug|Any CPU
		{8DFFC051-55AB-4E23-A27A-8784F0283BCA}.Debug|Any CPU.Build.0 = Debug|Any CPU
		{8DFFC051-55AB-4E23-A27A-8784F0283BCA}.Release|Any CPU.ActiveCfg = Release|Any CPU
		{8DFFC051-55AB-4E23-A27A-8784F0283BCA}.Release|Any CPU.Build.0 = Release|Any CPU
		{8DFFC051-55AB-4E23-A27A-8784F0283BCA}.Test|Any CPU.ActiveCfg = Release|Any CPU
		{8DFFC051-55AB-4E23-A27A-8784F0283BCA}.Test|Any CPU.Build.0 = Release|Any CPU
		{1FAAB80E-7302-41E0-B547-68807AE82BB7}.Debug|Any CPU.ActiveCfg = Debug|Any CPU
		{1FAAB80E-7302-41E0-B547-68807AE82BB7}.Debug|Any CPU.Build.0 = Debug|Any CPU
		{1FAAB80E-7302-41E0-B547-68807AE82BB7}.Release|Any CPU.ActiveCfg = Release|Any CPU
		{1FAAB80E-7302-41E0-B547-68807AE82BB7}.Release|Any CPU.Build.0 = Release|Any CPU
		{1FAAB80E-7302-41E0-B547-68807AE82BB7}.Test|Any CPU.ActiveCfg = Release|Any CPU
		{1FAAB80E-7302-41E0-B547-68807AE82BB7}.Test|Any CPU.Build.0 = Release|Any CPU
		{55BA37EE-01A2-438F-A0FB-6B57440BF2F0}.Debug|Any CPU.ActiveCfg = Debug|Any CPU
		{55BA37EE-01A2-438F-A0FB-6B57440BF2F0}.Debug|Any CPU.Build.0 = Debug|Any CPU
		{55BA37EE-01A2-438F-A0FB-6B57440BF2F0}.Release|Any CPU.ActiveCfg = Release|Any CPU
		{55BA37EE-01A2-438F-A0FB-6B57440BF2F0}.Release|Any CPU.Build.0 = Release|Any CPU
		{55BA37EE-01A2-438F-A0FB-6B57440BF2F0}.Test|Any CPU.ActiveCfg = Release|Any CPU
		{55BA37EE-01A2-438F-A0FB-6B57440BF2F0}.Test|Any CPU.Build.0 = Release|Any CPU
		{3EB3A5F1-F785-4672-A21D-A3117FC12129}.Debug|Any CPU.ActiveCfg = Debug|Any CPU
		{3EB3A5F1-F785-4672-A21D-A3117FC12129}.Debug|Any CPU.Build.0 = Debug|Any CPU
		{3EB3A5F1-F785-4672-A21D-A3117FC12129}.Release|Any CPU.ActiveCfg = Release|Any CPU
		{3EB3A5F1-F785-4672-A21D-A3117FC12129}.Release|Any CPU.Build.0 = Release|Any CPU
		{3EB3A5F1-F785-4672-A21D-A3117FC12129}.Test|Any CPU.ActiveCfg = Release|Any CPU
		{3EB3A5F1-F785-4672-A21D-A3117FC12129}.Test|Any CPU.Build.0 = Release|Any CPU
		{9EB0DA4C-47C9-4649-A446-AA59EFDD5AA2}.Debug|Any CPU.ActiveCfg = Debug|Any CPU
		{9EB0DA4C-47C9-4649-A446-AA59EFDD5AA2}.Debug|Any CPU.Build.0 = Debug|Any CPU
		{9EB0DA4C-47C9-4649-A446-AA59EFDD5AA2}.Release|Any CPU.ActiveCfg = Release|Any CPU
		{9EB0DA4C-47C9-4649-A446-AA59EFDD5AA2}.Release|Any CPU.Build.0 = Release|Any CPU
		{9EB0DA4C-47C9-4649-A446-AA59EFDD5AA2}.Test|Any CPU.ActiveCfg = Release|Any CPU
		{9EB0DA4C-47C9-4649-A446-AA59EFDD5AA2}.Test|Any CPU.Build.0 = Release|Any CPU
		{6E2211D8-7FD1-49FC-BABF-B711162ECE5D}.Debug|Any CPU.ActiveCfg = Debug|Any CPU
		{6E2211D8-7FD1-49FC-BABF-B711162ECE5D}.Debug|Any CPU.Build.0 = Debug|Any CPU
		{6E2211D8-7FD1-49FC-BABF-B711162ECE5D}.Release|Any CPU.ActiveCfg = Release|Any CPU
		{6E2211D8-7FD1-49FC-BABF-B711162ECE5D}.Release|Any CPU.Build.0 = Release|Any CPU
		{6E2211D8-7FD1-49FC-BABF-B711162ECE5D}.Test|Any CPU.ActiveCfg = Release|Any CPU
		{6E2211D8-7FD1-49FC-BABF-B711162ECE5D}.Test|Any CPU.Build.0 = Release|Any CPU
		{8C4D7E1C-66CB-45CA-8AFE-7BD02CBBF846}.Debug|Any CPU.ActiveCfg = Debug|Any CPU
		{8C4D7E1C-66CB-45CA-8AFE-7BD02CBBF846}.Debug|Any CPU.Build.0 = Debug|Any CPU
		{8C4D7E1C-66CB-45CA-8AFE-7BD02CBBF846}.Release|Any CPU.ActiveCfg = Release|Any CPU
		{8C4D7E1C-66CB-45CA-8AFE-7BD02CBBF846}.Release|Any CPU.Build.0 = Release|Any CPU
		{8C4D7E1C-66CB-45CA-8AFE-7BD02CBBF846}.Test|Any CPU.ActiveCfg = Release|Any CPU
		{8C4D7E1C-66CB-45CA-8AFE-7BD02CBBF846}.Test|Any CPU.Build.0 = Release|Any CPU
		{50500448-1028-43C7-8E28-88C9943A67E0}.Debug|Any CPU.ActiveCfg = Debug|Any CPU
		{50500448-1028-43C7-8E28-88C9943A67E0}.Debug|Any CPU.Build.0 = Debug|Any CPU
		{50500448-1028-43C7-8E28-88C9943A67E0}.Release|Any CPU.ActiveCfg = Release|Any CPU
		{50500448-1028-43C7-8E28-88C9943A67E0}.Release|Any CPU.Build.0 = Release|Any CPU
		{50500448-1028-43C7-8E28-88C9943A67E0}.Test|Any CPU.ActiveCfg = Release|Any CPU
		{50500448-1028-43C7-8E28-88C9943A67E0}.Test|Any CPU.Build.0 = Release|Any CPU
		{903C629B-EF2A-4EF0-A43D-C345AD3BCF60}.Debug|Any CPU.ActiveCfg = Debug|Any CPU
		{903C629B-EF2A-4EF0-A43D-C345AD3BCF60}.Debug|Any CPU.Build.0 = Debug|Any CPU
		{903C629B-EF2A-4EF0-A43D-C345AD3BCF60}.Release|Any CPU.ActiveCfg = Release|Any CPU
		{903C629B-EF2A-4EF0-A43D-C345AD3BCF60}.Release|Any CPU.Build.0 = Release|Any CPU
		{903C629B-EF2A-4EF0-A43D-C345AD3BCF60}.Test|Any CPU.ActiveCfg = Release|Any CPU
		{903C629B-EF2A-4EF0-A43D-C345AD3BCF60}.Test|Any CPU.Build.0 = Release|Any CPU
		{2857E851-06C0-482F-A139-3EDF6022AD7B}.Debug|Any CPU.ActiveCfg = Debug|Any CPU
		{2857E851-06C0-482F-A139-3EDF6022AD7B}.Debug|Any CPU.Build.0 = Debug|Any CPU
		{2857E851-06C0-482F-A139-3EDF6022AD7B}.Release|Any CPU.ActiveCfg = Release|Any CPU
		{2857E851-06C0-482F-A139-3EDF6022AD7B}.Release|Any CPU.Build.0 = Release|Any CPU
		{2857E851-06C0-482F-A139-3EDF6022AD7B}.Test|Any CPU.ActiveCfg = Release|Any CPU
		{2857E851-06C0-482F-A139-3EDF6022AD7B}.Test|Any CPU.Build.0 = Release|Any CPU
		{E21D64E3-A567-48F1-84A4-A01286E8FCF5}.Debug|Any CPU.ActiveCfg = Debug|Any CPU
		{E21D64E3-A567-48F1-84A4-A01286E8FCF5}.Debug|Any CPU.Build.0 = Debug|Any CPU
		{E21D64E3-A567-48F1-84A4-A01286E8FCF5}.Release|Any CPU.ActiveCfg = Release|Any CPU
		{E21D64E3-A567-48F1-84A4-A01286E8FCF5}.Release|Any CPU.Build.0 = Release|Any CPU
		{E21D64E3-A567-48F1-84A4-A01286E8FCF5}.Test|Any CPU.ActiveCfg = Release|Any CPU
		{E21D64E3-A567-48F1-84A4-A01286E8FCF5}.Test|Any CPU.Build.0 = Release|Any CPU
		{C9487107-87FB-49CC-864B-90F3D71131F3}.Debug|Any CPU.ActiveCfg = Debug|Any CPU
		{C9487107-87FB-49CC-864B-90F3D71131F3}.Debug|Any CPU.Build.0 = Debug|Any CPU
		{C9487107-87FB-49CC-864B-90F3D71131F3}.Release|Any CPU.ActiveCfg = Release|Any CPU
		{C9487107-87FB-49CC-864B-90F3D71131F3}.Release|Any CPU.Build.0 = Release|Any CPU
		{C9487107-87FB-49CC-864B-90F3D71131F3}.Test|Any CPU.ActiveCfg = Release|Any CPU
		{C9487107-87FB-49CC-864B-90F3D71131F3}.Test|Any CPU.Build.0 = Release|Any CPU
		{8C577D1F-607A-4AE9-BD63-918DB493578A}.Debug|Any CPU.ActiveCfg = Debug|Any CPU
		{8C577D1F-607A-4AE9-BD63-918DB493578A}.Debug|Any CPU.Build.0 = Debug|Any CPU
		{8C577D1F-607A-4AE9-BD63-918DB493578A}.Release|Any CPU.ActiveCfg = Release|Any CPU
		{8C577D1F-607A-4AE9-BD63-918DB493578A}.Release|Any CPU.Build.0 = Release|Any CPU
		{8C577D1F-607A-4AE9-BD63-918DB493578A}.Test|Any CPU.ActiveCfg = Release|Any CPU
		{8C577D1F-607A-4AE9-BD63-918DB493578A}.Test|Any CPU.Build.0 = Release|Any CPU
		{E2BA9F2D-AE8E-40AD-A18D-CB99AF3EE765}.Debug|Any CPU.ActiveCfg = Debug|Any CPU
		{E2BA9F2D-AE8E-40AD-A18D-CB99AF3EE765}.Debug|Any CPU.Build.0 = Debug|Any CPU
		{E2BA9F2D-AE8E-40AD-A18D-CB99AF3EE765}.Release|Any CPU.ActiveCfg = Release|Any CPU
		{E2BA9F2D-AE8E-40AD-A18D-CB99AF3EE765}.Release|Any CPU.Build.0 = Release|Any CPU
		{E2BA9F2D-AE8E-40AD-A18D-CB99AF3EE765}.Test|Any CPU.ActiveCfg = Release|Any CPU
		{E2BA9F2D-AE8E-40AD-A18D-CB99AF3EE765}.Test|Any CPU.Build.0 = Release|Any CPU
		{AB2D10DC-47F7-430A-9659-17AC4CC158CF}.Debug|Any CPU.ActiveCfg = Debug|Any CPU
		{AB2D10DC-47F7-430A-9659-17AC4CC158CF}.Debug|Any CPU.Build.0 = Debug|Any CPU
		{AB2D10DC-47F7-430A-9659-17AC4CC158CF}.Release|Any CPU.ActiveCfg = Release|Any CPU
		{AB2D10DC-47F7-430A-9659-17AC4CC158CF}.Release|Any CPU.Build.0 = Release|Any CPU
		{AB2D10DC-47F7-430A-9659-17AC4CC158CF}.Test|Any CPU.ActiveCfg = Release|Any CPU
		{AB2D10DC-47F7-430A-9659-17AC4CC158CF}.Test|Any CPU.Build.0 = Release|Any CPU
		{7504C7A6-A3D2-4A49-A89B-9C1925A3D70F}.Debug|Any CPU.ActiveCfg = Debug|Any CPU
		{7504C7A6-A3D2-4A49-A89B-9C1925A3D70F}.Debug|Any CPU.Build.0 = Debug|Any CPU
		{7504C7A6-A3D2-4A49-A89B-9C1925A3D70F}.Release|Any CPU.ActiveCfg = Release|Any CPU
		{7504C7A6-A3D2-4A49-A89B-9C1925A3D70F}.Release|Any CPU.Build.0 = Release|Any CPU
		{7504C7A6-A3D2-4A49-A89B-9C1925A3D70F}.Test|Any CPU.ActiveCfg = Release|Any CPU
		{7504C7A6-A3D2-4A49-A89B-9C1925A3D70F}.Test|Any CPU.Build.0 = Release|Any CPU
		{BAD54382-E800-4AB0-B8DC-C4D9CA1AEDBD}.Debug|Any CPU.ActiveCfg = Debug|Any CPU
		{BAD54382-E800-4AB0-B8DC-C4D9CA1AEDBD}.Debug|Any CPU.Build.0 = Debug|Any CPU
		{BAD54382-E800-4AB0-B8DC-C4D9CA1AEDBD}.Release|Any CPU.ActiveCfg = Release|Any CPU
		{BAD54382-E800-4AB0-B8DC-C4D9CA1AEDBD}.Release|Any CPU.Build.0 = Release|Any CPU
		{BAD54382-E800-4AB0-B8DC-C4D9CA1AEDBD}.Test|Any CPU.ActiveCfg = Release|Any CPU
		{BAD54382-E800-4AB0-B8DC-C4D9CA1AEDBD}.Test|Any CPU.Build.0 = Release|Any CPU
		{94E50980-9838-4648-A90F-11C639197908}.Debug|Any CPU.ActiveCfg = Debug|Any CPU
		{94E50980-9838-4648-A90F-11C639197908}.Debug|Any CPU.Build.0 = Debug|Any CPU
		{94E50980-9838-4648-A90F-11C639197908}.Release|Any CPU.ActiveCfg = Release|Any CPU
		{94E50980-9838-4648-A90F-11C639197908}.Release|Any CPU.Build.0 = Release|Any CPU
		{94E50980-9838-4648-A90F-11C639197908}.Test|Any CPU.ActiveCfg = Release|Any CPU
		{94E50980-9838-4648-A90F-11C639197908}.Test|Any CPU.Build.0 = Release|Any CPU
		{92D73AF6-C197-4FE7-A91D-7849B9EEB953}.Debug|Any CPU.ActiveCfg = Debug|Any CPU
		{92D73AF6-C197-4FE7-A91D-7849B9EEB953}.Debug|Any CPU.Build.0 = Debug|Any CPU
		{92D73AF6-C197-4FE7-A91D-7849B9EEB953}.Release|Any CPU.ActiveCfg = Release|Any CPU
		{92D73AF6-C197-4FE7-A91D-7849B9EEB953}.Release|Any CPU.Build.0 = Release|Any CPU
		{92D73AF6-C197-4FE7-A91D-7849B9EEB953}.Test|Any CPU.ActiveCfg = Release|Any CPU
		{92D73AF6-C197-4FE7-A91D-7849B9EEB953}.Test|Any CPU.Build.0 = Release|Any CPU
		{86E6A53E-6CF2-4C6C-9545-681A0D7F6AB8}.Debug|Any CPU.ActiveCfg = Debug|Any CPU
		{86E6A53E-6CF2-4C6C-9545-681A0D7F6AB8}.Debug|Any CPU.Build.0 = Debug|Any CPU
		{86E6A53E-6CF2-4C6C-9545-681A0D7F6AB8}.Release|Any CPU.ActiveCfg = Release|Any CPU
		{86E6A53E-6CF2-4C6C-9545-681A0D7F6AB8}.Release|Any CPU.Build.0 = Release|Any CPU
		{86E6A53E-6CF2-4C6C-9545-681A0D7F6AB8}.Test|Any CPU.ActiveCfg = Release|Any CPU
		{86E6A53E-6CF2-4C6C-9545-681A0D7F6AB8}.Test|Any CPU.Build.0 = Release|Any CPU
		{A5F17309-16CA-4030-A05F-C3C774F37D25}.Debug|Any CPU.ActiveCfg = Debug|Any CPU
		{A5F17309-16CA-4030-A05F-C3C774F37D25}.Debug|Any CPU.Build.0 = Debug|Any CPU
		{A5F17309-16CA-4030-A05F-C3C774F37D25}.Release|Any CPU.ActiveCfg = Release|Any CPU
		{A5F17309-16CA-4030-A05F-C3C774F37D25}.Release|Any CPU.Build.0 = Release|Any CPU
		{A5F17309-16CA-4030-A05F-C3C774F37D25}.Test|Any CPU.ActiveCfg = Release|Any CPU
		{A5F17309-16CA-4030-A05F-C3C774F37D25}.Test|Any CPU.Build.0 = Release|Any CPU
		{F4CFB14C-AB1F-44E9-AF0D-A8DD6D522D63}.Debug|Any CPU.ActiveCfg = Debug|Any CPU
		{F4CFB14C-AB1F-44E9-AF0D-A8DD6D522D63}.Debug|Any CPU.Build.0 = Debug|Any CPU
		{F4CFB14C-AB1F-44E9-AF0D-A8DD6D522D63}.Release|Any CPU.ActiveCfg = Release|Any CPU
		{F4CFB14C-AB1F-44E9-AF0D-A8DD6D522D63}.Release|Any CPU.Build.0 = Release|Any CPU
		{F4CFB14C-AB1F-44E9-AF0D-A8DD6D522D63}.Test|Any CPU.ActiveCfg = Release|Any CPU
		{F4CFB14C-AB1F-44E9-AF0D-A8DD6D522D63}.Test|Any CPU.Build.0 = Release|Any CPU
		{0A5F5459-5682-4621-A0F1-FFE2AA6AA617}.Debug|Any CPU.ActiveCfg = Debug|Any CPU
		{0A5F5459-5682-4621-A0F1-FFE2AA6AA617}.Debug|Any CPU.Build.0 = Debug|Any CPU
		{0A5F5459-5682-4621-A0F1-FFE2AA6AA617}.Release|Any CPU.ActiveCfg = Release|Any CPU
		{0A5F5459-5682-4621-A0F1-FFE2AA6AA617}.Release|Any CPU.Build.0 = Release|Any CPU
		{0A5F5459-5682-4621-A0F1-FFE2AA6AA617}.Test|Any CPU.ActiveCfg = Release|Any CPU
		{0A5F5459-5682-4621-A0F1-FFE2AA6AA617}.Test|Any CPU.Build.0 = Release|Any CPU
		{5F9C010E-B06F-4E87-A1ED-A3DE6C6D48CD}.Debug|Any CPU.ActiveCfg = Debug|Any CPU
		{5F9C010E-B06F-4E87-A1ED-A3DE6C6D48CD}.Debug|Any CPU.Build.0 = Debug|Any CPU
		{5F9C010E-B06F-4E87-A1ED-A3DE6C6D48CD}.Release|Any CPU.ActiveCfg = Release|Any CPU
		{5F9C010E-B06F-4E87-A1ED-A3DE6C6D48CD}.Release|Any CPU.Build.0 = Release|Any CPU
		{5F9C010E-B06F-4E87-A1ED-A3DE6C6D48CD}.Test|Any CPU.ActiveCfg = Release|Any CPU
		{5F9C010E-B06F-4E87-A1ED-A3DE6C6D48CD}.Test|Any CPU.Build.0 = Release|Any CPU
		{06FDAECA-61AF-41FA-8381-5D964382A665}.Debug|Any CPU.ActiveCfg = Debug|Any CPU
		{06FDAECA-61AF-41FA-8381-5D964382A665}.Debug|Any CPU.Build.0 = Debug|Any CPU
		{06FDAECA-61AF-41FA-8381-5D964382A665}.Release|Any CPU.ActiveCfg = Release|Any CPU
		{06FDAECA-61AF-41FA-8381-5D964382A665}.Release|Any CPU.Build.0 = Release|Any CPU
		{06FDAECA-61AF-41FA-8381-5D964382A665}.Test|Any CPU.ActiveCfg = Release|Any CPU
		{06FDAECA-61AF-41FA-8381-5D964382A665}.Test|Any CPU.Build.0 = Release|Any CPU
		{98798945-A37E-425D-896D-E22C458FD097}.Debug|Any CPU.ActiveCfg = Debug|Any CPU
		{98798945-A37E-425D-896D-E22C458FD097}.Debug|Any CPU.Build.0 = Debug|Any CPU
		{98798945-A37E-425D-896D-E22C458FD097}.Release|Any CPU.ActiveCfg = Release|Any CPU
		{98798945-A37E-425D-896D-E22C458FD097}.Release|Any CPU.Build.0 = Release|Any CPU
		{98798945-A37E-425D-896D-E22C458FD097}.Test|Any CPU.ActiveCfg = Release|Any CPU
		{98798945-A37E-425D-896D-E22C458FD097}.Test|Any CPU.Build.0 = Release|Any CPU
		{EFA68B0F-B312-4FD2-8969-31F572465EA3}.Debug|Any CPU.ActiveCfg = Debug|Any CPU
		{EFA68B0F-B312-4FD2-8969-31F572465EA3}.Debug|Any CPU.Build.0 = Debug|Any CPU
		{EFA68B0F-B312-4FD2-8969-31F572465EA3}.Release|Any CPU.ActiveCfg = Release|Any CPU
		{EFA68B0F-B312-4FD2-8969-31F572465EA3}.Release|Any CPU.Build.0 = Release|Any CPU
		{EFA68B0F-B312-4FD2-8969-31F572465EA3}.Test|Any CPU.ActiveCfg = Release|Any CPU
		{EFA68B0F-B312-4FD2-8969-31F572465EA3}.Test|Any CPU.Build.0 = Release|Any CPU
		{90B703A5-F2B6-46CF-B3E4-724E0BF4C93A}.Debug|Any CPU.ActiveCfg = Debug|Any CPU
		{90B703A5-F2B6-46CF-B3E4-724E0BF4C93A}.Debug|Any CPU.Build.0 = Debug|Any CPU
		{90B703A5-F2B6-46CF-B3E4-724E0BF4C93A}.Release|Any CPU.ActiveCfg = Release|Any CPU
		{90B703A5-F2B6-46CF-B3E4-724E0BF4C93A}.Release|Any CPU.Build.0 = Release|Any CPU
		{90B703A5-F2B6-46CF-B3E4-724E0BF4C93A}.Test|Any CPU.ActiveCfg = Release|Any CPU
		{90B703A5-F2B6-46CF-B3E4-724E0BF4C93A}.Test|Any CPU.Build.0 = Release|Any CPU
		{C578AC78-2D45-4898-83D7-B89B264D273B}.Debug|Any CPU.ActiveCfg = Debug|Any CPU
		{C578AC78-2D45-4898-83D7-B89B264D273B}.Debug|Any CPU.Build.0 = Debug|Any CPU
		{C578AC78-2D45-4898-83D7-B89B264D273B}.Release|Any CPU.ActiveCfg = Release|Any CPU
		{C578AC78-2D45-4898-83D7-B89B264D273B}.Release|Any CPU.Build.0 = Release|Any CPU
		{C578AC78-2D45-4898-83D7-B89B264D273B}.Test|Any CPU.ActiveCfg = Release|Any CPU
		{C578AC78-2D45-4898-83D7-B89B264D273B}.Test|Any CPU.Build.0 = Release|Any CPU
		{C942859C-258E-4125-BBB2-12CEE56BEC04}.Debug|Any CPU.ActiveCfg = Debug|Any CPU
		{C942859C-258E-4125-BBB2-12CEE56BEC04}.Debug|Any CPU.Build.0 = Debug|Any CPU
		{C942859C-258E-4125-BBB2-12CEE56BEC04}.Release|Any CPU.ActiveCfg = Release|Any CPU
		{C942859C-258E-4125-BBB2-12CEE56BEC04}.Release|Any CPU.Build.0 = Release|Any CPU
		{C942859C-258E-4125-BBB2-12CEE56BEC04}.Test|Any CPU.ActiveCfg = Release|Any CPU
		{C942859C-258E-4125-BBB2-12CEE56BEC04}.Test|Any CPU.Build.0 = Release|Any CPU
		{2022CDB3-D5AE-405D-978D-489EF496A4B5}.Debug|Any CPU.ActiveCfg = Debug|Any CPU
		{2022CDB3-D5AE-405D-978D-489EF496A4B5}.Debug|Any CPU.Build.0 = Debug|Any CPU
		{2022CDB3-D5AE-405D-978D-489EF496A4B5}.Release|Any CPU.ActiveCfg = Release|Any CPU
		{2022CDB3-D5AE-405D-978D-489EF496A4B5}.Release|Any CPU.Build.0 = Release|Any CPU
		{2022CDB3-D5AE-405D-978D-489EF496A4B5}.Test|Any CPU.ActiveCfg = Release|Any CPU
		{2022CDB3-D5AE-405D-978D-489EF496A4B5}.Test|Any CPU.Build.0 = Release|Any CPU
		{18C0C5BD-4E10-4BC5-8BAA-2B34EF2F5CAC}.Debug|Any CPU.ActiveCfg = Debug|Any CPU
		{18C0C5BD-4E10-4BC5-8BAA-2B34EF2F5CAC}.Debug|Any CPU.Build.0 = Debug|Any CPU
		{18C0C5BD-4E10-4BC5-8BAA-2B34EF2F5CAC}.Release|Any CPU.ActiveCfg = Release|Any CPU
		{18C0C5BD-4E10-4BC5-8BAA-2B34EF2F5CAC}.Release|Any CPU.Build.0 = Release|Any CPU
		{18C0C5BD-4E10-4BC5-8BAA-2B34EF2F5CAC}.Test|Any CPU.ActiveCfg = Release|Any CPU
		{18C0C5BD-4E10-4BC5-8BAA-2B34EF2F5CAC}.Test|Any CPU.Build.0 = Release|Any CPU
		{0B477521-A8FA-40DA-82DC-215B422F4828}.Debug|Any CPU.ActiveCfg = Debug|Any CPU
		{0B477521-A8FA-40DA-82DC-215B422F4828}.Debug|Any CPU.Build.0 = Debug|Any CPU
		{0B477521-A8FA-40DA-82DC-215B422F4828}.Release|Any CPU.ActiveCfg = Release|Any CPU
		{0B477521-A8FA-40DA-82DC-215B422F4828}.Release|Any CPU.Build.0 = Release|Any CPU
		{0B477521-A8FA-40DA-82DC-215B422F4828}.Test|Any CPU.ActiveCfg = Release|Any CPU
		{0B477521-A8FA-40DA-82DC-215B422F4828}.Test|Any CPU.Build.0 = Release|Any CPU
		{63365E8F-69B3-4E39-B770-62258F40F178}.Debug|Any CPU.ActiveCfg = Debug|Any CPU
		{63365E8F-69B3-4E39-B770-62258F40F178}.Debug|Any CPU.Build.0 = Debug|Any CPU
		{63365E8F-69B3-4E39-B770-62258F40F178}.Release|Any CPU.ActiveCfg = Release|Any CPU
		{63365E8F-69B3-4E39-B770-62258F40F178}.Release|Any CPU.Build.0 = Release|Any CPU
		{63365E8F-69B3-4E39-B770-62258F40F178}.Test|Any CPU.ActiveCfg = Release|Any CPU
		{63365E8F-69B3-4E39-B770-62258F40F178}.Test|Any CPU.Build.0 = Release|Any CPU
		{12698335-58F5-4E3A-959D-9B64F42811CB}.Debug|Any CPU.ActiveCfg = Debug|Any CPU
		{12698335-58F5-4E3A-959D-9B64F42811CB}.Debug|Any CPU.Build.0 = Debug|Any CPU
		{12698335-58F5-4E3A-959D-9B64F42811CB}.Release|Any CPU.ActiveCfg = Release|Any CPU
		{12698335-58F5-4E3A-959D-9B64F42811CB}.Release|Any CPU.Build.0 = Release|Any CPU
		{12698335-58F5-4E3A-959D-9B64F42811CB}.Test|Any CPU.ActiveCfg = Release|Any CPU
		{12698335-58F5-4E3A-959D-9B64F42811CB}.Test|Any CPU.Build.0 = Release|Any CPU
		{3E742E75-6E2C-447A-B02A-C14E82AD32C9}.Debug|Any CPU.ActiveCfg = Debug|Any CPU
		{3E742E75-6E2C-447A-B02A-C14E82AD32C9}.Debug|Any CPU.Build.0 = Debug|Any CPU
		{3E742E75-6E2C-447A-B02A-C14E82AD32C9}.Release|Any CPU.ActiveCfg = Release|Any CPU
		{3E742E75-6E2C-447A-B02A-C14E82AD32C9}.Release|Any CPU.Build.0 = Release|Any CPU
		{3E742E75-6E2C-447A-B02A-C14E82AD32C9}.Test|Any CPU.ActiveCfg = Release|Any CPU
		{3E742E75-6E2C-447A-B02A-C14E82AD32C9}.Test|Any CPU.Build.0 = Release|Any CPU
		{F0428B41-DCEC-4711-9D99-C14AFD59CB96}.Debug|Any CPU.ActiveCfg = Debug|Any CPU
		{F0428B41-DCEC-4711-9D99-C14AFD59CB96}.Debug|Any CPU.Build.0 = Debug|Any CPU
		{F0428B41-DCEC-4711-9D99-C14AFD59CB96}.Release|Any CPU.ActiveCfg = Release|Any CPU
		{F0428B41-DCEC-4711-9D99-C14AFD59CB96}.Release|Any CPU.Build.0 = Release|Any CPU
		{F0428B41-DCEC-4711-9D99-C14AFD59CB96}.Test|Any CPU.ActiveCfg = Release|Any CPU
		{F0428B41-DCEC-4711-9D99-C14AFD59CB96}.Test|Any CPU.Build.0 = Release|Any CPU
		{DBC702F0-2777-4504-9BC0-B61A9346A25D}.Debug|Any CPU.ActiveCfg = Debug|Any CPU
		{DBC702F0-2777-4504-9BC0-B61A9346A25D}.Debug|Any CPU.Build.0 = Debug|Any CPU
		{DBC702F0-2777-4504-9BC0-B61A9346A25D}.Release|Any CPU.ActiveCfg = Release|Any CPU
		{DBC702F0-2777-4504-9BC0-B61A9346A25D}.Release|Any CPU.Build.0 = Release|Any CPU
		{DBC702F0-2777-4504-9BC0-B61A9346A25D}.Test|Any CPU.ActiveCfg = Release|Any CPU
		{DBC702F0-2777-4504-9BC0-B61A9346A25D}.Test|Any CPU.Build.0 = Release|Any CPU
		{D23DD489-1C79-449C-A6E2-626B3FA1D3FB}.Debug|Any CPU.ActiveCfg = Debug|Any CPU
		{D23DD489-1C79-449C-A6E2-626B3FA1D3FB}.Debug|Any CPU.Build.0 = Debug|Any CPU
		{D23DD489-1C79-449C-A6E2-626B3FA1D3FB}.Release|Any CPU.ActiveCfg = Release|Any CPU
		{D23DD489-1C79-449C-A6E2-626B3FA1D3FB}.Release|Any CPU.Build.0 = Release|Any CPU
		{D23DD489-1C79-449C-A6E2-626B3FA1D3FB}.Test|Any CPU.ActiveCfg = Release|Any CPU
		{D23DD489-1C79-449C-A6E2-626B3FA1D3FB}.Test|Any CPU.Build.0 = Release|Any CPU
		{84DC308C-CB65-4E43-8D8A-33211E50A195}.Debug|Any CPU.ActiveCfg = Debug|Any CPU
		{84DC308C-CB65-4E43-8D8A-33211E50A195}.Debug|Any CPU.Build.0 = Debug|Any CPU
		{84DC308C-CB65-4E43-8D8A-33211E50A195}.Release|Any CPU.ActiveCfg = Release|Any CPU
		{84DC308C-CB65-4E43-8D8A-33211E50A195}.Release|Any CPU.Build.0 = Release|Any CPU
		{84DC308C-CB65-4E43-8D8A-33211E50A195}.Test|Any CPU.ActiveCfg = Release|Any CPU
		{84DC308C-CB65-4E43-8D8A-33211E50A195}.Test|Any CPU.Build.0 = Release|Any CPU
		{6AB2909B-911B-4E2A-9815-F8F29E2A34AD}.Debug|Any CPU.ActiveCfg = Debug|Any CPU
		{6AB2909B-911B-4E2A-9815-F8F29E2A34AD}.Debug|Any CPU.Build.0 = Debug|Any CPU
		{6AB2909B-911B-4E2A-9815-F8F29E2A34AD}.Release|Any CPU.ActiveCfg = Release|Any CPU
		{6AB2909B-911B-4E2A-9815-F8F29E2A34AD}.Release|Any CPU.Build.0 = Release|Any CPU
		{6AB2909B-911B-4E2A-9815-F8F29E2A34AD}.Test|Any CPU.ActiveCfg = Debug|Any CPU
		{6AB2909B-911B-4E2A-9815-F8F29E2A34AD}.Test|Any CPU.Build.0 = Debug|Any CPU
	EndGlobalSection
	GlobalSection(SolutionProperties) = preSolution
		HideSolutionNode = FALSE
	EndGlobalSection
	GlobalSection(NestedProjects) = preSolution
		{508A56A2-7667-4650-9CD0-84B072F5B2A0} = {39C28502-1D0E-457A-9DE6-EB44C4675CC1}
		{CCCE1B96-7AD9-4AB1-857C-3186783442E4} = {B2027DA7-E98B-41CE-9977-A7D7E4CC8D94}
		{21D37EC8-D100-4662-89AF-704C9BB949BF} = {70EB0D66-07E7-4918-BF7D-8F682098FF1F}
		{DAAB69D3-B28F-4410-8436-3F3696B0826E} = {34D3855E-C236-419C-8954-2DFF244ECA91}
		{0F3ACB08-7815-4376-A125-8CC28CD44809} = {94A00FCE-FADD-4ACD-A950-77F77B77E5CE}
		{AAD62270-DAA5-4F9D-A533-0F02468985AC} = {C3E4C81A-1C09-4A5E-BD14-C2C2257A00B6}
		{55E59A63-49BB-4BA6-9500-8E330FF68889} = {F9DF703C-D2FF-4BFD-89D5-4B8D0C83A269}
		{AA7A85BC-23CC-4FEC-B52D-4315661A3F62} = {0C5FBD44-A8CD-44EC-BC2C-870F9EBDCF5A}
		{EFF43C8B-8424-4AFE-A172-73ED27D71CA8} = {E6E1F45F-45CC-4BE3-AA92-7AA42184A1C3}
		{2F232FEB-4B51-47B9-9B16-241EA0657619} = {CD943F2F-A6D0-495F-B2B3-B1898C1E7401}
		{C0EBD5A1-C3AC-4FB9-9F8D-9027851693C6} = {4858128B-CD19-4165-9EEA-0995E748739B}
		{90FD0549-5E2D-487F-B4C2-F9BB27C3A12E} = {B8FF8E84-02AF-4A8C-96FF-B90D99A4CF11}
		{A03EAFB7-2901-4DC3-95D3-EC1024F82F1C} = {D888F1F2-1789-4E48-8A7A-52020044185C}
		{CE4842F9-76B3-44FC-969E-3C5465820BB2} = {D888F1F2-1789-4E48-8A7A-52020044185C}
		{D6080E28-083E-4A23-8CD5-B8B9F9C5C2CD} = {39C28502-1D0E-457A-9DE6-EB44C4675CC1}
		{4D47B877-8D3A-44FA-B9EF-B4E34CCFCF3F} = {2EAEB30B-6C74-4A6F-88A3-B9F0A8717E61}
		{5270779E-C533-4D44-B3A7-9F8844D3FEE8} = {2EAEB30B-6C74-4A6F-88A3-B9F0A8717E61}
		{816DA3F2-3E37-4CF0-A59C-CA24DEEC5C59} = {2EAEB30B-6C74-4A6F-88A3-B9F0A8717E61}
		{7B10E510-CC44-417B-B69D-D6421071EC72} = {FF2FB4C9-5C8E-450C-AE44-788AE3EE7CBB}
		{FB8AFF35-4C44-417B-9F69-A23BFB957CD2} = {39C28502-1D0E-457A-9DE6-EB44C4675CC1}
		{501EAA60-8FEB-430B-B8CC-FE0281DB80B0} = {4858128B-CD19-4165-9EEA-0995E748739B}
		{4EDFCA61-82F2-497D-BCD2-D84CB996AA9B} = {5F4B688A-AB67-47AE-B2F2-699F9D646B2D}
		{B2B8C8DD-3DF6-4DF3-B215-E6B124237857} = {5F4B688A-AB67-47AE-B2F2-699F9D646B2D}
		{2EAEB30B-6C74-4A6F-88A3-B9F0A8717E61} = {5F4B688A-AB67-47AE-B2F2-699F9D646B2D}
		{4858128B-CD19-4165-9EEA-0995E748739B} = {5F4B688A-AB67-47AE-B2F2-699F9D646B2D}
		{39C28502-1D0E-457A-9DE6-EB44C4675CC1} = {4EDFCA61-82F2-497D-BCD2-D84CB996AA9B}
		{B2027DA7-E98B-41CE-9977-A7D7E4CC8D94} = {4EDFCA61-82F2-497D-BCD2-D84CB996AA9B}
		{0C5FBD44-A8CD-44EC-BC2C-870F9EBDCF5A} = {4EDFCA61-82F2-497D-BCD2-D84CB996AA9B}
		{F9DF703C-D2FF-4BFD-89D5-4B8D0C83A269} = {4EDFCA61-82F2-497D-BCD2-D84CB996AA9B}
		{C3E4C81A-1C09-4A5E-BD14-C2C2257A00B6} = {4EDFCA61-82F2-497D-BCD2-D84CB996AA9B}
		{70EB0D66-07E7-4918-BF7D-8F682098FF1F} = {4EDFCA61-82F2-497D-BCD2-D84CB996AA9B}
		{B8FF8E84-02AF-4A8C-96FF-B90D99A4CF11} = {4EDFCA61-82F2-497D-BCD2-D84CB996AA9B}
		{94A00FCE-FADD-4ACD-A950-77F77B77E5CE} = {4EDFCA61-82F2-497D-BCD2-D84CB996AA9B}
		{E6E1F45F-45CC-4BE3-AA92-7AA42184A1C3} = {4EDFCA61-82F2-497D-BCD2-D84CB996AA9B}
		{95E11A30-AA4B-4853-9CC7-E2BF59495134} = {4EDFCA61-82F2-497D-BCD2-D84CB996AA9B}
		{486C2487-909D-44CF-9D34-83C790E5495F} = {95E11A30-AA4B-4853-9CC7-E2BF59495134}
		{B5F554B1-E7E6-4A2E-A616-8AEACA72A8EB} = {4EDFCA61-82F2-497D-BCD2-D84CB996AA9B}
		{93D82825-E9DE-4EBA-835D-9FE67A067381} = {B5F554B1-E7E6-4A2E-A616-8AEACA72A8EB}
		{D888F1F2-1789-4E48-8A7A-52020044185C} = {5F4B688A-AB67-47AE-B2F2-699F9D646B2D}
		{547FDBA5-10EE-4412-9B7C-0308C4CFF70B} = {4858128B-CD19-4165-9EEA-0995E748739B}
		{CF473B03-7C2B-4C23-A1CC-B373C5D94A46} = {547FDBA5-10EE-4412-9B7C-0308C4CFF70B}
		{0D3B9A77-E733-4549-9AD8-D796566D24B4} = {547FDBA5-10EE-4412-9B7C-0308C4CFF70B}
		{85FACAE7-F035-4B3B-BBE8-2FC820E2A3AB} = {547FDBA5-10EE-4412-9B7C-0308C4CFF70B}
		{9451D1D3-2F8D-459C-A59A-BA2C799AEBA2} = {547FDBA5-10EE-4412-9B7C-0308C4CFF70B}
		{CD943F2F-A6D0-495F-B2B3-B1898C1E7401} = {4858128B-CD19-4165-9EEA-0995E748739B}
		{85220BDA-A026-4FDB-B505-6B6B330ED431} = {CD943F2F-A6D0-495F-B2B3-B1898C1E7401}
		{D0FB750A-FCAC-487D-9BF2-5BC044308B4E} = {CD943F2F-A6D0-495F-B2B3-B1898C1E7401}
		{74775284-91F1-4763-9356-2CA2D1BB6836} = {2EAEB30B-6C74-4A6F-88A3-B9F0A8717E61}
		{50E38140-2CF7-4517-8233-0FF753451F46} = {2EAEB30B-6C74-4A6F-88A3-B9F0A8717E61}
		{6ECCA7D1-CA59-43ED-A2D8-BBB65743241F} = {2EAEB30B-6C74-4A6F-88A3-B9F0A8717E61}
		{33C3F9C9-4D39-4877-A075-9304961F8709} = {50E38140-2CF7-4517-8233-0FF753451F46}
		{07475645-B808-4713-9EE6-006A8B6DA361} = {50E38140-2CF7-4517-8233-0FF753451F46}
		{724994B6-6371-41D7-A88A-7363B4533E51} = {50E38140-2CF7-4517-8233-0FF753451F46}
		{1E1666F6-A958-4AAE-AF2D-B712E74F8C1E} = {50E38140-2CF7-4517-8233-0FF753451F46}
		{8D715087-6710-4EA3-B27F-D672DECC3F76} = {6ECCA7D1-CA59-43ED-A2D8-BBB65743241F}
		{A8D4236D-A32D-40C9-879F-93B6F41B5D77} = {6ECCA7D1-CA59-43ED-A2D8-BBB65743241F}
		{8B5537D9-89D9-4D33-B02D-E5535F69DC3E} = {6ECCA7D1-CA59-43ED-A2D8-BBB65743241F}
		{4F07BC75-FA88-4CC9-B255-50BD5D356D45} = {6ECCA7D1-CA59-43ED-A2D8-BBB65743241F}
		{FE13A3E4-E215-4B95-898B-5418D6116A96} = {2EAEB30B-6C74-4A6F-88A3-B9F0A8717E61}
		{330BE97F-07E0-4BDC-A8E0-6FFAF5AF4777} = {4858128B-CD19-4165-9EEA-0995E748739B}
		{DCA8FD48-68D7-404B-845F-3FAC2F897C17} = {4858128B-CD19-4165-9EEA-0995E748739B}
		{16FB0B8E-93CA-4923-A90C-E8AC5A7F7AD5} = {4858128B-CD19-4165-9EEA-0995E748739B}
		{3E90135F-3CC5-4B3B-8DF7-11CDFE27A697} = {4858128B-CD19-4165-9EEA-0995E748739B}
		{8DFFC051-55AB-4E23-A27A-8784F0283BCA} = {4858128B-CD19-4165-9EEA-0995E748739B}
		{1FAAB80E-7302-41E0-B547-68807AE82BB7} = {4858128B-CD19-4165-9EEA-0995E748739B}
		{55BA37EE-01A2-438F-A0FB-6B57440BF2F0} = {4858128B-CD19-4165-9EEA-0995E748739B}
		{3EB3A5F1-F785-4672-A21D-A3117FC12129} = {4858128B-CD19-4165-9EEA-0995E748739B}
		{9EB0DA4C-47C9-4649-A446-AA59EFDD5AA2} = {2EAEB30B-6C74-4A6F-88A3-B9F0A8717E61}
		{6E2211D8-7FD1-49FC-BABF-B711162ECE5D} = {2EAEB30B-6C74-4A6F-88A3-B9F0A8717E61}
		{8C4D7E1C-66CB-45CA-8AFE-7BD02CBBF846} = {2EAEB30B-6C74-4A6F-88A3-B9F0A8717E61}
		{50500448-1028-43C7-8E28-88C9943A67E0} = {2EAEB30B-6C74-4A6F-88A3-B9F0A8717E61}
		{903C629B-EF2A-4EF0-A43D-C345AD3BCF60} = {2EAEB30B-6C74-4A6F-88A3-B9F0A8717E61}
		{2857E851-06C0-482F-A139-3EDF6022AD7B} = {2EAEB30B-6C74-4A6F-88A3-B9F0A8717E61}
		{E21D64E3-A567-48F1-84A4-A01286E8FCF5} = {2EAEB30B-6C74-4A6F-88A3-B9F0A8717E61}
		{C9487107-87FB-49CC-864B-90F3D71131F3} = {2EAEB30B-6C74-4A6F-88A3-B9F0A8717E61}
		{8C577D1F-607A-4AE9-BD63-918DB493578A} = {2EAEB30B-6C74-4A6F-88A3-B9F0A8717E61}
		{E2BA9F2D-AE8E-40AD-A18D-CB99AF3EE765} = {2EAEB30B-6C74-4A6F-88A3-B9F0A8717E61}
		{AB2D10DC-47F7-430A-9659-17AC4CC158CF} = {2EAEB30B-6C74-4A6F-88A3-B9F0A8717E61}
		{7504C7A6-A3D2-4A49-A89B-9C1925A3D70F} = {D888F1F2-1789-4E48-8A7A-52020044185C}
		{BAD54382-E800-4AB0-B8DC-C4D9CA1AEDBD} = {D888F1F2-1789-4E48-8A7A-52020044185C}
		{94E50980-9838-4648-A90F-11C639197908} = {D888F1F2-1789-4E48-8A7A-52020044185C}
		{92D73AF6-C197-4FE7-A91D-7849B9EEB953} = {D780BECB-2EA4-413A-98E3-0E64A4B2BAF2}
		{86E6A53E-6CF2-4C6C-9545-681A0D7F6AB8} = {D780BECB-2EA4-413A-98E3-0E64A4B2BAF2}
		{A5F17309-16CA-4030-A05F-C3C774F37D25} = {E7FA4692-310D-4938-BA48-583C4BB0832B}
		{F4CFB14C-AB1F-44E9-AF0D-A8DD6D522D63} = {E7FA4692-310D-4938-BA48-583C4BB0832B}
		{0A5F5459-5682-4621-A0F1-FFE2AA6AA617} = {2EAEB30B-6C74-4A6F-88A3-B9F0A8717E61}
		{89BC4CEC-F0D6-4484-BCAD-A1C217DAC53C} = {B2B8C8DD-3DF6-4DF3-B215-E6B124237857}
		{FF2FB4C9-5C8E-450C-AE44-788AE3EE7CBB} = {B2B8C8DD-3DF6-4DF3-B215-E6B124237857}
		{34D3855E-C236-419C-8954-2DFF244ECA91} = {B2B8C8DD-3DF6-4DF3-B215-E6B124237857}
		{5F9C010E-B06F-4E87-A1ED-A3DE6C6D48CD} = {89BC4CEC-F0D6-4484-BCAD-A1C217DAC53C}
		{06FDAECA-61AF-41FA-8381-5D964382A665} = {89BC4CEC-F0D6-4484-BCAD-A1C217DAC53C}
		{98798945-A37E-425D-896D-E22C458FD097} = {89BC4CEC-F0D6-4484-BCAD-A1C217DAC53C}
		{EFA68B0F-B312-4FD2-8969-31F572465EA3} = {89BC4CEC-F0D6-4484-BCAD-A1C217DAC53C}
		{90B703A5-F2B6-46CF-B3E4-724E0BF4C93A} = {89BC4CEC-F0D6-4484-BCAD-A1C217DAC53C}
		{C578AC78-2D45-4898-83D7-B89B264D273B} = {89BC4CEC-F0D6-4484-BCAD-A1C217DAC53C}
		{C942859C-258E-4125-BBB2-12CEE56BEC04} = {89BC4CEC-F0D6-4484-BCAD-A1C217DAC53C}
		{59570464-A482-4D56-B222-B32A8D554489} = {2EAEB30B-6C74-4A6F-88A3-B9F0A8717E61}
		{2022CDB3-D5AE-405D-978D-489EF496A4B5} = {59570464-A482-4D56-B222-B32A8D554489}
		{18C0C5BD-4E10-4BC5-8BAA-2B34EF2F5CAC} = {59570464-A482-4D56-B222-B32A8D554489}
		{0B477521-A8FA-40DA-82DC-215B422F4828} = {59570464-A482-4D56-B222-B32A8D554489}
		{63365E8F-69B3-4E39-B770-62258F40F178} = {2EAEB30B-6C74-4A6F-88A3-B9F0A8717E61}
		{12698335-58F5-4E3A-959D-9B64F42811CB} = {2EAEB30B-6C74-4A6F-88A3-B9F0A8717E61}
		{3AFFD3EB-D469-4FC4-83D7-1CE8BD4AF2A1} = {4EDFCA61-82F2-497D-BCD2-D84CB996AA9B}
		{3E742E75-6E2C-447A-B02A-C14E82AD32C9} = {3AFFD3EB-D469-4FC4-83D7-1CE8BD4AF2A1}
		{F0428B41-DCEC-4711-9D99-C14AFD59CB96} = {4858128B-CD19-4165-9EEA-0995E748739B}
		{DBC702F0-2777-4504-9BC0-B61A9346A25D} = {E7FA4692-310D-4938-BA48-583C4BB0832B}
		{D23DD489-1C79-449C-A6E2-626B3FA1D3FB} = {E7FA4692-310D-4938-BA48-583C4BB0832B}
		{263C92DE-2CF3-47AC-8385-302BD8246363} = {4EDFCA61-82F2-497D-BCD2-D84CB996AA9B}
		{84DC308C-CB65-4E43-8D8A-33211E50A195} = {263C92DE-2CF3-47AC-8385-302BD8246363}
		{6AB2909B-911B-4E2A-9815-F8F29E2A34AD} = {4858128B-CD19-4165-9EEA-0995E748739B}
	EndGlobalSection
	GlobalSection(ExtensibilityGlobals) = postSolution
		SolutionGuid = {AA6E8E23-8AB6-4AB6-9B31-494CB7CE5E63}
	EndGlobalSection
EndGlobal
